// !$*UTF8*$!
{
	archiveVersion = 1;
	classes = {
	};
	objectVersion = 77;
	objects = {

/* Begin PBXBuildFile section */
		512DAED62F2A31B30061F72B /* IdentityDocumentProviderExtension.appex in Embed ExtensionKit Extensions */ = {isa = PBXBuildFile; fileRef = 512DAECF2F2A31B30061F72B /* IdentityDocumentProviderExtension.appex */; settings = {ATTRIBUTES = (RemoveHeadersOnCopy, ); }; };
		51BD5C5E2F22604F0082DE19 /* AdditionalConfig.xcconfig in Resources */ = {isa = PBXBuildFile; fileRef = 51BD5C5C2F22604F0082DE19 /* AdditionalConfig.xcconfig */; };
		51BD5C5F2F22604F0082DE19 /* DeveloperConfig.xcconfig in Resources */ = {isa = PBXBuildFile; fileRef = 51BD5C5D2F22604F0082DE19 /* DeveloperConfig.xcconfig */; };
		7B4A4F672F97D8EF003719D6 /* ConsentPromptDialog.swift in Sources */ = {isa = PBXBuildFile; fileRef = 7B4A4F4A2F97D8EF003719D6 /* ConsentPromptDialog.swift */; };
		7B4A4F682F97D8EF003719D6 /* PassphrasePromptDialog.swift in Sources */ = {isa = PBXBuildFile; fileRef = 7B4A4F5B2F97D8EF003719D6 /* PassphrasePromptDialog.swift */; };
		7B4A4F692F97D8EF003719D6 /* PromptDialogs.swift in Sources */ = {isa = PBXBuildFile; fileRef = 7B4A4F5C2F97D8EF003719D6 /* PromptDialogs.swift */; };
		7B4A4F6A2F97D8EF003719D6 /* Consent.swift in Sources */ = {isa = PBXBuildFile; fileRef = 7B4A4F492F97D8EF003719D6 /* Consent.swift */; };
		7B4A4F6B2F97D8EF003719D6 /* MdocProximityQrPresentment.swift in Sources */ = {isa = PBXBuildFile; fileRef = 7B4A4F582F97D8EF003719D6 /* MdocProximityQrPresentment.swift */; };
		7B4A4F6C2F97D8EF003719D6 /* FloatingItemCenteredText.swift in Sources */ = {isa = PBXBuildFile; fileRef = 7B4A4F502F97D8EF003719D6 /* FloatingItemCenteredText.swift */; };
		7B4A4F6D2F97D8EF003719D6 /* FloatingItemHeadingAndText.swift in Sources */ = {isa = PBXBuildFile; fileRef = 7B4A4F552F97D8EF003719D6 /* FloatingItemHeadingAndText.swift */; };
		7B4A4F6E2F97D8EF003719D6 /* PromptModelExt.swift in Sources */ = {isa = PBXBuildFile; fileRef = 7B4A4F5D2F97D8EF003719D6 /* PromptModelExt.swift */; };
		7B4A4F6F2F97D8EF003719D6 /* PassphraseInputView.swift in Sources */ = {isa = PBXBuildFile; fileRef = 7B4A4F5A2F97D8EF003719D6 /* PassphraseInputView.swift */; };
		7B4A4F702F97D8EF003719D6 /* FloatingItemHeadingAndDate.swift in Sources */ = {isa = PBXBuildFile; fileRef = 7B4A4F532F97D8EF003719D6 /* FloatingItemHeadingAndDate.swift */; };
		7B4A4F712F97D8EF003719D6 /* DocumentExt.swift in Sources */ = {isa = PBXBuildFile; fileRef = 7B4A4F4C2F97D8EF003719D6 /* DocumentExt.swift */; };
		7B4A4F722F97D8EF003719D6 /* FloatingItemList.swift in Sources */ = {isa = PBXBuildFile; fileRef = 7B4A4F562F97D8EF003719D6 /* FloatingItemList.swift */; };
		7B4A4F732F97D8EF003719D6 /* QrCode.swift in Sources */ = {isa = PBXBuildFile; fileRef = 7B4A4F5F2F97D8EF003719D6 /* QrCode.swift */; };
		7B4A4F742F97D8EF003719D6 /* DocumentCarousel.swift in Sources */ = {isa = PBXBuildFile; fileRef = 7B4A4F4B2F97D8EF003719D6 /* DocumentCarousel.swift */; };
		7B4A4F752F97D8EF003719D6 /* FloatingItemHeadingAndDateTime.swift in Sources */ = {isa = PBXBuildFile; fileRef = 7B4A4F542F97D8EF003719D6 /* FloatingItemHeadingAndDateTime.swift */; };
		7B4A4F762F97D8EF003719D6 /* SimplePresentmentSourceExt.swift in Sources */ = {isa = PBXBuildFile; fileRef = 7B4A4F612F97D8EF003719D6 /* SimplePresentmentSourceExt.swift */; };
		7B4A4F772F97D8EF003719D6 /* Extensions.swift in Sources */ = {isa = PBXBuildFile; fileRef = 7B4A4F4F2F97D8EF003719D6 /* Extensions.swift */; };
		7B4A4F782F97D8EF003719D6 /* X509CertViewer.swift in Sources */ = {isa = PBXBuildFile; fileRef = 7B4A4F652F97D8EF003719D6 /* X509CertViewer.swift */; };
		7B4A4F792F97D8EF003719D6 /* TagsExt.swift in Sources */ = {isa = PBXBuildFile; fileRef = 7B4A4F632F97D8EF003719D6 /* TagsExt.swift */; };
		7B4A4F7A2F97D8EF003719D6 /* VerticalDocumentList.swift in Sources */ = {isa = PBXBuildFile; fileRef = 7B4A4F642F97D8EF003719D6 /* VerticalDocumentList.swift */; };
		7B4A4F7B2F97D8EF003719D6 /* ProvisioningView.swift in Sources */ = {isa = PBXBuildFile; fileRef = 7B4A4F5E2F97D8EF003719D6 /* ProvisioningView.swift */; };
		7B4A4F7C2F97D8EF003719D6 /* MdocProximityQrSettings.swift in Sources */ = {isa = PBXBuildFile; fileRef = 7B4A4F592F97D8EF003719D6 /* MdocProximityQrSettings.swift */; };
		7B4A4F7D2F97D8EF003719D6 /* SmartSheet.swift in Sources */ = {isa = PBXBuildFile; fileRef = 7B4A4F622F97D8EF003719D6 /* SmartSheet.swift */; };
		7B4A4F7E2F97D8EF003719D6 /* DocumentModel.swift in Sources */ = {isa = PBXBuildFile; fileRef = 7B4A4F4E2F97D8EF003719D6 /* DocumentModel.swift */; };
		7B4A4F7F2F97D8EF003719D6 /* RequestAuthorizationView.swift in Sources */ = {isa = PBXBuildFile; fileRef = 7B4A4F602F97D8EF003719D6 /* RequestAuthorizationView.swift */; };
		7B4A4F802F97D8EF003719D6 /* FloatingItemContainer.swift in Sources */ = {isa = PBXBuildFile; fileRef = 7B4A4F512F97D8EF003719D6 /* FloatingItemContainer.swift */; };
		7B4A4F812F97D8EF003719D6 /* FloatingItemText.swift in Sources */ = {isa = PBXBuildFile; fileRef = 7B4A4F572F97D8EF003719D6 /* FloatingItemText.swift */; };
		7B4A4F822F97D8EF003719D6 /* DocumentExtCardart.swift in Sources */ = {isa = PBXBuildFile; fileRef = 7B4A4F4D2F97D8EF003719D6 /* DocumentExtCardart.swift */; };
		7B4A4F832F97D8EF003719D6 /* FloatingItemHeadingAndContent.swift in Sources */ = {isa = PBXBuildFile; fileRef = 7B4A4F522F97D8EF003719D6 /* FloatingItemHeadingAndContent.swift */; };
		7B4A4F842F97D8EF003719D6 /* ConsentPromptDialog.swift in Sources */ = {isa = PBXBuildFile; fileRef = 7B4A4F4A2F97D8EF003719D6 /* ConsentPromptDialog.swift */; };
		7B4A4F852F97D8EF003719D6 /* PassphrasePromptDialog.swift in Sources */ = {isa = PBXBuildFile; fileRef = 7B4A4F5B2F97D8EF003719D6 /* PassphrasePromptDialog.swift */; };
		7B4A4F862F97D8EF003719D6 /* PromptDialogs.swift in Sources */ = {isa = PBXBuildFile; fileRef = 7B4A4F5C2F97D8EF003719D6 /* PromptDialogs.swift */; };
		7B4A4F872F97D8EF003719D6 /* Consent.swift in Sources */ = {isa = PBXBuildFile; fileRef = 7B4A4F492F97D8EF003719D6 /* Consent.swift */; };
		7B4A4F882F97D8EF003719D6 /* MdocProximityQrPresentment.swift in Sources */ = {isa = PBXBuildFile; fileRef = 7B4A4F582F97D8EF003719D6 /* MdocProximityQrPresentment.swift */; };
		7B4A4F892F97D8EF003719D6 /* FloatingItemCenteredText.swift in Sources */ = {isa = PBXBuildFile; fileRef = 7B4A4F502F97D8EF003719D6 /* FloatingItemCenteredText.swift */; };
		7B4A4F8A2F97D8EF003719D6 /* FloatingItemHeadingAndText.swift in Sources */ = {isa = PBXBuildFile; fileRef = 7B4A4F552F97D8EF003719D6 /* FloatingItemHeadingAndText.swift */; };
		7B4A4F8B2F97D8EF003719D6 /* PromptModelExt.swift in Sources */ = {isa = PBXBuildFile; fileRef = 7B4A4F5D2F97D8EF003719D6 /* PromptModelExt.swift */; };
		7B4A4F8C2F97D8EF003719D6 /* PassphraseInputView.swift in Sources */ = {isa = PBXBuildFile; fileRef = 7B4A4F5A2F97D8EF003719D6 /* PassphraseInputView.swift */; };
		7B4A4F8D2F97D8EF003719D6 /* FloatingItemHeadingAndDate.swift in Sources */ = {isa = PBXBuildFile; fileRef = 7B4A4F532F97D8EF003719D6 /* FloatingItemHeadingAndDate.swift */; };
		7B4A4F8E2F97D8EF003719D6 /* DocumentExt.swift in Sources */ = {isa = PBXBuildFile; fileRef = 7B4A4F4C2F97D8EF003719D6 /* DocumentExt.swift */; };
		7B4A4F8F2F97D8EF003719D6 /* FloatingItemList.swift in Sources */ = {isa = PBXBuildFile; fileRef = 7B4A4F562F97D8EF003719D6 /* FloatingItemList.swift */; };
		7B4A4F902F97D8EF003719D6 /* QrCode.swift in Sources */ = {isa = PBXBuildFile; fileRef = 7B4A4F5F2F97D8EF003719D6 /* QrCode.swift */; };
		7B4A4F912F97D8EF003719D6 /* DocumentCarousel.swift in Sources */ = {isa = PBXBuildFile; fileRef = 7B4A4F4B2F97D8EF003719D6 /* DocumentCarousel.swift */; };
		7B4A4F922F97D8EF003719D6 /* FloatingItemHeadingAndDateTime.swift in Sources */ = {isa = PBXBuildFile; fileRef = 7B4A4F542F97D8EF003719D6 /* FloatingItemHeadingAndDateTime.swift */; };
		7B4A4F932F97D8EF003719D6 /* SimplePresentmentSourceExt.swift in Sources */ = {isa = PBXBuildFile; fileRef = 7B4A4F612F97D8EF003719D6 /* SimplePresentmentSourceExt.swift */; };
		7B4A4F942F97D8EF003719D6 /* Extensions.swift in Sources */ = {isa = PBXBuildFile; fileRef = 7B4A4F4F2F97D8EF003719D6 /* Extensions.swift */; };
		7B4A4F952F97D8EF003719D6 /* X509CertViewer.swift in Sources */ = {isa = PBXBuildFile; fileRef = 7B4A4F652F97D8EF003719D6 /* X509CertViewer.swift */; };
		7B4A4F962F97D8EF003719D6 /* TagsExt.swift in Sources */ = {isa = PBXBuildFile; fileRef = 7B4A4F632F97D8EF003719D6 /* TagsExt.swift */; };
		7B4A4F972F97D8EF003719D6 /* VerticalDocumentList.swift in Sources */ = {isa = PBXBuildFile; fileRef = 7B4A4F642F97D8EF003719D6 /* VerticalDocumentList.swift */; };
		7B4A4F982F97D8EF003719D6 /* ProvisioningView.swift in Sources */ = {isa = PBXBuildFile; fileRef = 7B4A4F5E2F97D8EF003719D6 /* ProvisioningView.swift */; };
		7B4A4F992F97D8EF003719D6 /* MdocProximityQrSettings.swift in Sources */ = {isa = PBXBuildFile; fileRef = 7B4A4F592F97D8EF003719D6 /* MdocProximityQrSettings.swift */; };
		7B4A4F9A2F97D8EF003719D6 /* SmartSheet.swift in Sources */ = {isa = PBXBuildFile; fileRef = 7B4A4F622F97D8EF003719D6 /* SmartSheet.swift */; };
		7B4A4F9B2F97D8EF003719D6 /* DocumentModel.swift in Sources */ = {isa = PBXBuildFile; fileRef = 7B4A4F4E2F97D8EF003719D6 /* DocumentModel.swift */; };
		7B4A4F9C2F97D8EF003719D6 /* RequestAuthorizationView.swift in Sources */ = {isa = PBXBuildFile; fileRef = 7B4A4F602F97D8EF003719D6 /* RequestAuthorizationView.swift */; };
		7B4A4F9D2F97D8EF003719D6 /* FloatingItemContainer.swift in Sources */ = {isa = PBXBuildFile; fileRef = 7B4A4F512F97D8EF003719D6 /* FloatingItemContainer.swift */; };
		7B4A4F9E2F97D8EF003719D6 /* FloatingItemText.swift in Sources */ = {isa = PBXBuildFile; fileRef = 7B4A4F572F97D8EF003719D6 /* FloatingItemText.swift */; };
		7B4A4F9F2F97D8EF003719D6 /* DocumentExtCardart.swift in Sources */ = {isa = PBXBuildFile; fileRef = 7B4A4F4D2F97D8EF003719D6 /* DocumentExtCardart.swift */; };
		7B4A4FA02F97D8EF003719D6 /* FloatingItemHeadingAndContent.swift in Sources */ = {isa = PBXBuildFile; fileRef = 7B4A4F522F97D8EF003719D6 /* FloatingItemHeadingAndContent.swift */; };
		7BE862062F99232A00CCC68B /* DefaultToHumanReadable.swift in Sources */ = {isa = PBXBuildFile; fileRef = 7BE862052F99232A00CCC68B /* DefaultToHumanReadable.swift */; };
		7BE862072F99232A00CCC68B /* DefaultToHumanReadable.swift in Sources */ = {isa = PBXBuildFile; fileRef = 7BE862052F99232A00CCC68B /* DefaultToHumanReadable.swift */; };
/* End PBXBuildFile section */

/* Begin PBXContainerItemProxy section */
		512DAED42F2A31B30061F72B /* PBXContainerItemProxy */ = {
			isa = PBXContainerItemProxy;
			containerPortal = 51100E5F2F21D4A5006B2ADD /* Project object */;
			proxyType = 1;
			remoteGlobalIDString = 512DAECE2F2A31B30061F72B;
			remoteInfo = IdentityDocumentProviderExtension;
		};
/* End PBXContainerItemProxy section */

/* Begin PBXCopyFilesBuildPhase section */
		512DAED72F2A31B30061F72B /* Embed ExtensionKit Extensions */ = {
			isa = PBXCopyFilesBuildPhase;
			buildActionMask = 2147483647;
			dstPath = "$(EXTENSIONS_FOLDER_PATH)";
			dstSubfolderSpec = 16;
			files = (
				512DAED62F2A31B30061F72B /* IdentityDocumentProviderExtension.appex in Embed ExtensionKit Extensions */,
			);
			name = "Embed ExtensionKit Extensions";
			runOnlyForDeploymentPostprocessing = 0;
		};
/* End PBXCopyFilesBuildPhase section */

/* Begin PBXFileReference section */
		51100E672F21D4A5006B2ADD /* SwiftTestApp.app */ = {isa = PBXFileReference; explicitFileType = wrapper.application; includeInIndex = 0; path = SwiftTestApp.app; sourceTree = BUILT_PRODUCTS_DIR; };
		512DAECF2F2A31B30061F72B /* IdentityDocumentProviderExtension.appex */ = {isa = PBXFileReference; explicitFileType = "wrapper.extensionkit-extension"; includeInIndex = 0; path = IdentityDocumentProviderExtension.appex; sourceTree = BUILT_PRODUCTS_DIR; };
		51BD5C5C2F22604F0082DE19 /* AdditionalConfig.xcconfig */ = {isa = PBXFileReference; lastKnownFileType = text.xcconfig; name = AdditionalConfig.xcconfig; path = ../testapp/iosApp/AdditionalConfig.xcconfig; sourceTree = SOURCE_ROOT; };
		51BD5C5D2F22604F0082DE19 /* DeveloperConfig.xcconfig */ = {isa = PBXFileReference; lastKnownFileType = text.xcconfig; name = DeveloperConfig.xcconfig; path = ../testapp/iosApp/DeveloperConfig.xcconfig; sourceTree = SOURCE_ROOT; };
		7B4A4F492F97D8EF003719D6 /* Consent.swift */ = {isa = PBXFileReference; lastKnownFileType = sourcecode.swift; path = Consent.swift; sourceTree = "<group>"; };
		7B4A4F4A2F97D8EF003719D6 /* ConsentPromptDialog.swift */ = {isa = PBXFileReference; lastKnownFileType = sourcecode.swift; path = ConsentPromptDialog.swift; sourceTree = "<group>"; };
		7B4A4F4B2F97D8EF003719D6 /* DocumentCarousel.swift */ = {isa = PBXFileReference; lastKnownFileType = sourcecode.swift; path = DocumentCarousel.swift; sourceTree = "<group>"; };
		7B4A4F4C2F97D8EF003719D6 /* DocumentExt.swift */ = {isa = PBXFileReference; lastKnownFileType = sourcecode.swift; path = DocumentExt.swift; sourceTree = "<group>"; };
		7B4A4F4D2F97D8EF003719D6 /* DocumentExtCardart.swift */ = {isa = PBXFileReference; lastKnownFileType = sourcecode.swift; path = DocumentExtCardart.swift; sourceTree = "<group>"; };
		7B4A4F4E2F97D8EF003719D6 /* DocumentModel.swift */ = {isa = PBXFileReference; lastKnownFileType = sourcecode.swift; path = DocumentModel.swift; sourceTree = "<group>"; };
		7B4A4F4F2F97D8EF003719D6 /* Extensions.swift */ = {isa = PBXFileReference; lastKnownFileType = sourcecode.swift; path = Extensions.swift; sourceTree = "<group>"; };
		7B4A4F502F97D8EF003719D6 /* FloatingItemCenteredText.swift */ = {isa = PBXFileReference; lastKnownFileType = sourcecode.swift; path = FloatingItemCenteredText.swift; sourceTree = "<group>"; };
		7B4A4F512F97D8EF003719D6 /* FloatingItemContainer.swift */ = {isa = PBXFileReference; lastKnownFileType = sourcecode.swift; path = FloatingItemContainer.swift; sourceTree = "<group>"; };
		7B4A4F522F97D8EF003719D6 /* FloatingItemHeadingAndContent.swift */ = {isa = PBXFileReference; lastKnownFileType = sourcecode.swift; path = FloatingItemHeadingAndContent.swift; sourceTree = "<group>"; };
		7B4A4F532F97D8EF003719D6 /* FloatingItemHeadingAndDate.swift */ = {isa = PBXFileReference; lastKnownFileType = sourcecode.swift; path = FloatingItemHeadingAndDate.swift; sourceTree = "<group>"; };
		7B4A4F542F97D8EF003719D6 /* FloatingItemHeadingAndDateTime.swift */ = {isa = PBXFileReference; lastKnownFileType = sourcecode.swift; path = FloatingItemHeadingAndDateTime.swift; sourceTree = "<group>"; };
		7B4A4F552F97D8EF003719D6 /* FloatingItemHeadingAndText.swift */ = {isa = PBXFileReference; lastKnownFileType = sourcecode.swift; path = FloatingItemHeadingAndText.swift; sourceTree = "<group>"; };
		7B4A4F562F97D8EF003719D6 /* FloatingItemList.swift */ = {isa = PBXFileReference; lastKnownFileType = sourcecode.swift; path = FloatingItemList.swift; sourceTree = "<group>"; };
		7B4A4F572F97D8EF003719D6 /* FloatingItemText.swift */ = {isa = PBXFileReference; lastKnownFileType = sourcecode.swift; path = FloatingItemText.swift; sourceTree = "<group>"; };
		7B4A4F582F97D8EF003719D6 /* MdocProximityQrPresentment.swift */ = {isa = PBXFileReference; lastKnownFileType = sourcecode.swift; path = MdocProximityQrPresentment.swift; sourceTree = "<group>"; };
		7B4A4F592F97D8EF003719D6 /* MdocProximityQrSettings.swift */ = {isa = PBXFileReference; lastKnownFileType = sourcecode.swift; path = MdocProximityQrSettings.swift; sourceTree = "<group>"; };
		7B4A4F5A2F97D8EF003719D6 /* PassphraseInputView.swift */ = {isa = PBXFileReference; lastKnownFileType = sourcecode.swift; path = PassphraseInputView.swift; sourceTree = "<group>"; };
		7B4A4F5B2F97D8EF003719D6 /* PassphrasePromptDialog.swift */ = {isa = PBXFileReference; lastKnownFileType = sourcecode.swift; path = PassphrasePromptDialog.swift; sourceTree = "<group>"; };
		7B4A4F5C2F97D8EF003719D6 /* PromptDialogs.swift */ = {isa = PBXFileReference; lastKnownFileType = sourcecode.swift; path = PromptDialogs.swift; sourceTree = "<group>"; };
		7B4A4F5D2F97D8EF003719D6 /* PromptModelExt.swift */ = {isa = PBXFileReference; lastKnownFileType = sourcecode.swift; path = PromptModelExt.swift; sourceTree = "<group>"; };
		7B4A4F5E2F97D8EF003719D6 /* ProvisioningView.swift */ = {isa = PBXFileReference; lastKnownFileType = sourcecode.swift; path = ProvisioningView.swift; sourceTree = "<group>"; };
		7B4A4F5F2F97D8EF003719D6 /* QrCode.swift */ = {isa = PBXFileReference; lastKnownFileType = sourcecode.swift; path = QrCode.swift; sourceTree = "<group>"; };
		7B4A4F602F97D8EF003719D6 /* RequestAuthorizationView.swift */ = {isa = PBXFileReference; lastKnownFileType = sourcecode.swift; path = RequestAuthorizationView.swift; sourceTree = "<group>"; };
		7B4A4F612F97D8EF003719D6 /* SimplePresentmentSourceExt.swift */ = {isa = PBXFileReference; lastKnownFileType = sourcecode.swift; path = SimplePresentmentSourceExt.swift; sourceTree = "<group>"; };
		7B4A4F622F97D8EF003719D6 /* SmartSheet.swift */ = {isa = PBXFileReference; lastKnownFileType = sourcecode.swift; path = SmartSheet.swift; sourceTree = "<group>"; };
		7B4A4F632F97D8EF003719D6 /* TagsExt.swift */ = {isa = PBXFileReference; lastKnownFileType = sourcecode.swift; path = TagsExt.swift; sourceTree = "<group>"; };
		7B4A4F642F97D8EF003719D6 /* VerticalDocumentList.swift */ = {isa = PBXFileReference; lastKnownFileType = sourcecode.swift; path = VerticalDocumentList.swift; sourceTree = "<group>"; };
		7B4A4F652F97D8EF003719D6 /* X509CertViewer.swift */ = {isa = PBXFileReference; lastKnownFileType = sourcecode.swift; path = X509CertViewer.swift; sourceTree = "<group>"; };
		7BE862052F99232A00CCC68B /* DefaultToHumanReadable.swift */ = {isa = PBXFileReference; lastKnownFileType = sourcecode.swift; path = DefaultToHumanReadable.swift; sourceTree = "<group>"; };
/* End PBXFileReference section */

/* Begin PBXFileSystemSynchronizedBuildFileExceptionSet section */
		51C6CB262F2B162E003EAB7A /* Exceptions for "IdentityDocumentProviderExtension" folder in "IdentityDocumentProviderExtension" target */ = {
			isa = PBXFileSystemSynchronizedBuildFileExceptionSet;
			membershipExceptions = (
				Info.plist,
			);
			target = 512DAECE2F2A31B30061F72B /* IdentityDocumentProviderExtension */;
		};
		7BBF4E9A2F3A2773003F6A61 /* Exceptions for "SwiftTestApp" folder in "SwiftTestApp" target */ = {
			isa = PBXFileSystemSynchronizedBuildFileExceptionSet;
			membershipExceptions = (
				Info.plist,
			);
			target = 51100E662F21D4A5006B2ADD /* SwiftTestApp */;
		};
/* End PBXFileSystemSynchronizedBuildFileExceptionSet section */

/* Begin PBXFileSystemSynchronizedRootGroup section */
		51100E692F21D4A5006B2ADD /* SwiftTestApp */ = {
			isa = PBXFileSystemSynchronizedRootGroup;
			exceptions = (
				7BBF4E9A2F3A2773003F6A61 /* Exceptions for "SwiftTestApp" folder in "SwiftTestApp" target */,
			);
			path = SwiftTestApp;
			sourceTree = "<group>";
		};
		512DAED02F2A31B30061F72B /* IdentityDocumentProviderExtension */ = {
			isa = PBXFileSystemSynchronizedRootGroup;
			exceptions = (
				51C6CB262F2B162E003EAB7A /* Exceptions for "IdentityDocumentProviderExtension" folder in "IdentityDocumentProviderExtension" target */,
			);
			path = IdentityDocumentProviderExtension;
			sourceTree = "<group>";
		};
/* End PBXFileSystemSynchronizedRootGroup section */

/* Begin PBXFrameworksBuildPhase section */
		51100E642F21D4A5006B2ADD /* Frameworks */ = {
			isa = PBXFrameworksBuildPhase;
			buildActionMask = 2147483647;
			files = (
			);
			runOnlyForDeploymentPostprocessing = 0;
		};
		512DAECC2F2A31B30061F72B /* Frameworks */ = {
			isa = PBXFrameworksBuildPhase;
			buildActionMask = 2147483647;
			files = (
			);
			runOnlyForDeploymentPostprocessing = 0;
		};
/* End PBXFrameworksBuildPhase section */

/* Begin PBXGroup section */
		51100E5E2F21D4A5006B2ADD = {
			isa = PBXGroup;
			children = (
				7B4A4F662F97D8EF003719D6 /* swift */,
				51BD5C5C2F22604F0082DE19 /* AdditionalConfig.xcconfig */,
				51BD5C5D2F22604F0082DE19 /* DeveloperConfig.xcconfig */,
				51100E692F21D4A5006B2ADD /* SwiftTestApp */,
				512DAED02F2A31B30061F72B /* IdentityDocumentProviderExtension */,
				512DAEDC2F2A33330061F72B /* Frameworks */,
				51100E682F21D4A5006B2ADD /* Products */,
			);
			sourceTree = "<group>";
		};
		51100E682F21D4A5006B2ADD /* Products */ = {
			isa = PBXGroup;
			children = (
				51100E672F21D4A5006B2ADD /* SwiftTestApp.app */,
				512DAECF2F2A31B30061F72B /* IdentityDocumentProviderExtension.appex */,
			);
			name = Products;
			sourceTree = "<group>";
		};
		512DAEDC2F2A33330061F72B /* Frameworks */ = {
			isa = PBXGroup;
			children = (
			);
			name = Frameworks;
			sourceTree = "<group>";
		};
		7B4A4F662F97D8EF003719D6 /* swift */ = {
			isa = PBXGroup;
			children = (
				7BE862052F99232A00CCC68B /* DefaultToHumanReadable.swift */,
				7B4A4F492F97D8EF003719D6 /* Consent.swift */,
				7B4A4F4A2F97D8EF003719D6 /* ConsentPromptDialog.swift */,
				7B4A4F4B2F97D8EF003719D6 /* DocumentCarousel.swift */,
				7B4A4F4C2F97D8EF003719D6 /* DocumentExt.swift */,
				7B4A4F4D2F97D8EF003719D6 /* DocumentExtCardart.swift */,
				7B4A4F4E2F97D8EF003719D6 /* DocumentModel.swift */,
				7B4A4F4F2F97D8EF003719D6 /* Extensions.swift */,
				7B4A4F502F97D8EF003719D6 /* FloatingItemCenteredText.swift */,
				7B4A4F512F97D8EF003719D6 /* FloatingItemContainer.swift */,
				7B4A4F522F97D8EF003719D6 /* FloatingItemHeadingAndContent.swift */,
				7B4A4F532F97D8EF003719D6 /* FloatingItemHeadingAndDate.swift */,
				7B4A4F542F97D8EF003719D6 /* FloatingItemHeadingAndDateTime.swift */,
				7B4A4F552F97D8EF003719D6 /* FloatingItemHeadingAndText.swift */,
				7B4A4F562F97D8EF003719D6 /* FloatingItemList.swift */,
				7B4A4F572F97D8EF003719D6 /* FloatingItemText.swift */,
				7B4A4F582F97D8EF003719D6 /* MdocProximityQrPresentment.swift */,
				7B4A4F592F97D8EF003719D6 /* MdocProximityQrSettings.swift */,
				7B4A4F5A2F97D8EF003719D6 /* PassphraseInputView.swift */,
				7B4A4F5B2F97D8EF003719D6 /* PassphrasePromptDialog.swift */,
				7B4A4F5C2F97D8EF003719D6 /* PromptDialogs.swift */,
				7B4A4F5D2F97D8EF003719D6 /* PromptModelExt.swift */,
				7B4A4F5E2F97D8EF003719D6 /* ProvisioningView.swift */,
				7B4A4F5F2F97D8EF003719D6 /* QrCode.swift */,
				7B4A4F602F97D8EF003719D6 /* RequestAuthorizationView.swift */,
				7B4A4F612F97D8EF003719D6 /* SimplePresentmentSourceExt.swift */,
				7B4A4F622F97D8EF003719D6 /* SmartSheet.swift */,
				7B4A4F632F97D8EF003719D6 /* TagsExt.swift */,
				7B4A4F642F97D8EF003719D6 /* VerticalDocumentList.swift */,
				7B4A4F652F97D8EF003719D6 /* X509CertViewer.swift */,
			);
			name = swift;
			path = "/Users/zeuthen/StudioProjects/multipaz/multipaz-swiftui/src/iosMain/swift";
			sourceTree = "<absolute>";
		};
/* End PBXGroup section */

/* Begin PBXNativeTarget section */
		51100E662F21D4A5006B2ADD /* SwiftTestApp */ = {
			isa = PBXNativeTarget;
			buildConfigurationList = 51100E882F21D4A6006B2ADD /* Build configuration list for PBXNativeTarget "SwiftTestApp" */;
			buildPhases = (
				7B92F9932F75E5FC007A00A1 /* Compile Kotlin Framework */,
				51100E632F21D4A5006B2ADD /* Sources */,
				51100E642F21D4A5006B2ADD /* Frameworks */,
				51100E652F21D4A5006B2ADD /* Resources */,
				512DAED72F2A31B30061F72B /* Embed ExtensionKit Extensions */,
			);
			buildRules = (
			);
			dependencies = (
				512DAED52F2A31B30061F72B /* PBXTargetDependency */,
			);
			fileSystemSynchronizedGroups = (
				51100E692F21D4A5006B2ADD /* SwiftTestApp */,
			);
			name = SwiftTestApp;
			packageProductDependencies = (
			);
			productName = SwiftTestApp;
			productReference = 51100E672F21D4A5006B2ADD /* SwiftTestApp.app */;
			productType = "com.apple.product-type.application";
		};
		512DAECE2F2A31B30061F72B /* IdentityDocumentProviderExtension */ = {
			isa = PBXNativeTarget;
			buildConfigurationList = 512DAEDB2F2A31B30061F72B /* Build configuration list for PBXNativeTarget "IdentityDocumentProviderExtension" */;
			buildPhases = (
				7B92F9512F75DB8B007A00A1 /* Compile Kotlin Framework */,
				512DAECB2F2A31B30061F72B /* Sources */,
				512DAECC2F2A31B30061F72B /* Frameworks */,
				512DAECD2F2A31B30061F72B /* Resources */,
			);
			buildRules = (
			);
			dependencies = (
			);
			fileSystemSynchronizedGroups = (
				512DAED02F2A31B30061F72B /* IdentityDocumentProviderExtension */,
			);
			name = IdentityDocumentProviderExtension;
			packageProductDependencies = (
			);
			productName = IdentityDocumentProviderExtension;
			productReference = 512DAECF2F2A31B30061F72B /* IdentityDocumentProviderExtension.appex */;
			productType = "com.apple.product-type.extensionkit-extension";
		};
/* End PBXNativeTarget section */

/* Begin PBXProject section */
		51100E5F2F21D4A5006B2ADD /* Project object */ = {
			isa = PBXProject;
			attributes = {
				BuildIndependentTargetsInParallel = 1;
				LastSwiftUpdateCheck = 2600;
				LastUpgradeCheck = 2600;
				TargetAttributes = {
					51100E662F21D4A5006B2ADD = {
						CreatedOnToolsVersion = 26.0.1;
					};
					512DAECE2F2A31B30061F72B = {
						CreatedOnToolsVersion = 26.0.1;
					};
				};
			};
			buildConfigurationList = 51100E622F21D4A5006B2ADD /* Build configuration list for PBXProject "SwiftTestApp" */;
			developmentRegion = en;
			hasScannedForEncodings = 0;
			knownRegions = (
				en,
				Base,
			);
			mainGroup = 51100E5E2F21D4A5006B2ADD;
			minimizedProjectReferenceProxies = 1;
			packageReferences = (
			);
			preferredProjectObjectVersion = 77;
			productRefGroup = 51100E682F21D4A5006B2ADD /* Products */;
			projectDirPath = "";
			projectRoot = "";
			targets = (
				51100E662F21D4A5006B2ADD /* SwiftTestApp */,
				512DAECE2F2A31B30061F72B /* IdentityDocumentProviderExtension */,
			);
		};
/* End PBXProject section */

/* Begin PBXResourcesBuildPhase section */
		51100E652F21D4A5006B2ADD /* Resources */ = {
			isa = PBXResourcesBuildPhase;
			buildActionMask = 2147483647;
			files = (
				51BD5C5E2F22604F0082DE19 /* AdditionalConfig.xcconfig in Resources */,
				51BD5C5F2F22604F0082DE19 /* DeveloperConfig.xcconfig in Resources */,
			);
			runOnlyForDeploymentPostprocessing = 0;
		};
		512DAECD2F2A31B30061F72B /* Resources */ = {
			isa = PBXResourcesBuildPhase;
			buildActionMask = 2147483647;
			files = (
			);
			runOnlyForDeploymentPostprocessing = 0;
		};
/* End PBXResourcesBuildPhase section */

/* Begin PBXShellScriptBuildPhase section */
		7B92F9512F75DB8B007A00A1 /* Compile Kotlin Framework */ = {
			isa = PBXShellScriptBuildPhase;
			alwaysOutOfDate = 1;
			buildActionMask = 12;
			files = (
			);
			inputFileListPaths = (
			);
			inputPaths = (
			);
			name = "Compile Kotlin Framework";
			outputFileListPaths = (
			);
			outputPaths = (
			);
			runOnlyForDeploymentPostprocessing = 0;
			shellPath = /bin/sh;
			shellScript = "if [ \"YES\" = \"$OVERRIDE_KOTLIN_BUILD_IDE_SUPPORTED\" ]; then\n  echo \"Skipping Gradle build task invocation due to OVERRIDE_KOTLIN_BUILD_IDE_SUPPORTED environment variable set to \\\"YES\\\"\"\n  exit 0\nfi\ncd \"$SRCROOT/..\"\n../gradlew :samples:SwiftTestApp:embedAndSignAppleFrameworkForXcode\n";
		};
		7B92F9932F75E5FC007A00A1 /* Compile Kotlin Framework */ = {
			isa = PBXShellScriptBuildPhase;
			alwaysOutOfDate = 1;
			buildActionMask = 2147483647;
			files = (
			);
			inputFileListPaths = (
			);
			inputPaths = (
			);
			name = "Compile Kotlin Framework";
			outputFileListPaths = (
			);
			outputPaths = (
			);
			runOnlyForDeploymentPostprocessing = 0;
			shellPath = /bin/sh;
			shellScript = "if [ \"YES\" = \"$OVERRIDE_KOTLIN_BUILD_IDE_SUPPORTED\" ]; then\n  echo \"Skipping Gradle build task invocation due to OVERRIDE_KOTLIN_BUILD_IDE_SUPPORTED environment variable set to \\\"YES\\\"\"\n  exit 0\nfi\ncd \"$SRCROOT/..\"\n../gradlew :samples:SwiftTestApp:embedAndSignAppleFrameworkForXcode\n";
		};
/* End PBXShellScriptBuildPhase section */

/* Begin PBXSourcesBuildPhase section */
		51100E632F21D4A5006B2ADD /* Sources */ = {
			isa = PBXSourcesBuildPhase;
			buildActionMask = 2147483647;
			files = (
				7B4A4F672F97D8EF003719D6 /* ConsentPromptDialog.swift in Sources */,
				7B4A4F682F97D8EF003719D6 /* PassphrasePromptDialog.swift in Sources */,
				7B4A4F692F97D8EF003719D6 /* PromptDialogs.swift in Sources */,
				7B4A4F6A2F97D8EF003719D6 /* Consent.swift in Sources */,
				7B4A4F6B2F97D8EF003719D6 /* MdocProximityQrPresentment.swift in Sources */,
				7B4A4F6C2F97D8EF003719D6 /* FloatingItemCenteredText.swift in Sources */,
				7B4A4F6D2F97D8EF003719D6 /* FloatingItemHeadingAndText.swift in Sources */,
				7B4A4F6E2F97D8EF003719D6 /* PromptModelExt.swift in Sources */,
				7B4A4F6F2F97D8EF003719D6 /* PassphraseInputView.swift in Sources */,
				7B4A4F702F97D8EF003719D6 /* FloatingItemHeadingAndDate.swift in Sources */,
				7BE862062F99232A00CCC68B /* DefaultToHumanReadable.swift in Sources */,
				7B4A4F712F97D8EF003719D6 /* DocumentExt.swift in Sources */,
				7B4A4F722F97D8EF003719D6 /* FloatingItemList.swift in Sources */,
				7B4A4F732F97D8EF003719D6 /* QrCode.swift in Sources */,
				7B4A4F742F97D8EF003719D6 /* DocumentCarousel.swift in Sources */,
				7B4A4F752F97D8EF003719D6 /* FloatingItemHeadingAndDateTime.swift in Sources */,
				7B4A4F762F97D8EF003719D6 /* SimplePresentmentSourceExt.swift in Sources */,
				7B4A4F772F97D8EF003719D6 /* Extensions.swift in Sources */,
				7B4A4F782F97D8EF003719D6 /* X509CertViewer.swift in Sources */,
				7B4A4F792F97D8EF003719D6 /* TagsExt.swift in Sources */,
				7B4A4F7A2F97D8EF003719D6 /* VerticalDocumentList.swift in Sources */,
				7B4A4F7B2F97D8EF003719D6 /* ProvisioningView.swift in Sources */,
				7B4A4F7C2F97D8EF003719D6 /* MdocProximityQrSettings.swift in Sources */,
				7B4A4F7D2F97D8EF003719D6 /* SmartSheet.swift in Sources */,
				7B4A4F7E2F97D8EF003719D6 /* DocumentModel.swift in Sources */,
				7B4A4F7F2F97D8EF003719D6 /* RequestAuthorizationView.swift in Sources */,
				7B4A4F802F97D8EF003719D6 /* FloatingItemContainer.swift in Sources */,
				7B4A4F812F97D8EF003719D6 /* FloatingItemText.swift in Sources */,
				7B4A4F822F97D8EF003719D6 /* DocumentExtCardart.swift in Sources */,
				7B4A4F832F97D8EF003719D6 /* FloatingItemHeadingAndContent.swift in Sources */,
			);
			runOnlyForDeploymentPostprocessing = 0;
		};
		512DAECB2F2A31B30061F72B /* Sources */ = {
			isa = PBXSourcesBuildPhase;
			buildActionMask = 2147483647;
			files = (
				7B4A4F842F97D8EF003719D6 /* ConsentPromptDialog.swift in Sources */,
				7B4A4F852F97D8EF003719D6 /* PassphrasePromptDialog.swift in Sources */,
				7B4A4F862F97D8EF003719D6 /* PromptDialogs.swift in Sources */,
				7B4A4F872F97D8EF003719D6 /* Consent.swift in Sources */,
				7B4A4F882F97D8EF003719D6 /* MdocProximityQrPresentment.swift in Sources */,
				7B4A4F892F97D8EF003719D6 /* FloatingItemCenteredText.swift in Sources */,
				7BE862072F99232A00CCC68B /* DefaultToHumanReadable.swift in Sources */,
				7B4A4F8A2F97D8EF003719D6 /* FloatingItemHeadingAndText.swift in Sources */,
				7B4A4F8B2F97D8EF003719D6 /* PromptModelExt.swift in Sources */,
				7B4A4F8C2F97D8EF003719D6 /* PassphraseInputView.swift in Sources */,
				7B4A4F8D2F97D8EF003719D6 /* FloatingItemHeadingAndDate.swift in Sources */,
				7B4A4F8E2F97D8EF003719D6 /* DocumentExt.swift in Sources */,
				7B4A4F8F2F97D8EF003719D6 /* FloatingItemList.swift in Sources */,
				7B4A4F902F97D8EF003719D6 /* QrCode.swift in Sources */,
				7B4A4F912F97D8EF003719D6 /* DocumentCarousel.swift in Sources */,
				7B4A4F922F97D8EF003719D6 /* FloatingItemHeadingAndDateTime.swift in Sources */,
				7B4A4F932F97D8EF003719D6 /* SimplePresentmentSourceExt.swift in Sources */,
				7B4A4F942F97D8EF003719D6 /* Extensions.swift in Sources */,
				7B4A4F952F97D8EF003719D6 /* X509CertViewer.swift in Sources */,
				7B4A4F962F97D8EF003719D6 /* TagsExt.swift in Sources */,
				7B4A4F972F97D8EF003719D6 /* VerticalDocumentList.swift in Sources */,
				7B4A4F982F97D8EF003719D6 /* ProvisioningView.swift in Sources */,
				7B4A4F992F97D8EF003719D6 /* MdocProximityQrSettings.swift in Sources */,
				7B4A4F9A2F97D8EF003719D6 /* SmartSheet.swift in Sources */,
				7B4A4F9B2F97D8EF003719D6 /* DocumentModel.swift in Sources */,
				7B4A4F9C2F97D8EF003719D6 /* RequestAuthorizationView.swift in Sources */,
				7B4A4F9D2F97D8EF003719D6 /* FloatingItemContainer.swift in Sources */,
				7B4A4F9E2F97D8EF003719D6 /* FloatingItemText.swift in Sources */,
				7B4A4F9F2F97D8EF003719D6 /* DocumentExtCardart.swift in Sources */,
				7B4A4FA02F97D8EF003719D6 /* FloatingItemHeadingAndContent.swift in Sources */,
			);
			runOnlyForDeploymentPostprocessing = 0;
		};
/* End PBXSourcesBuildPhase section */

/* Begin PBXTargetDependency section */
		512DAED52F2A31B30061F72B /* PBXTargetDependency */ = {
			isa = PBXTargetDependency;
			target = 512DAECE2F2A31B30061F72B /* IdentityDocumentProviderExtension */;
			targetProxy = 512DAED42F2A31B30061F72B /* PBXContainerItemProxy */;
		};
/* End PBXTargetDependency section */

/* Begin XCBuildConfiguration section */
		51100E862F21D4A6006B2ADD /* Debug */ = {
			isa = XCBuildConfiguration;
			buildSettings = {
				ALWAYS_SEARCH_USER_PATHS = NO;
				ASSETCATALOG_COMPILER_GENERATE_SWIFT_ASSET_SYMBOL_EXTENSIONS = YES;
				CLANG_ANALYZER_NONNULL = YES;
				CLANG_ANALYZER_NUMBER_OBJECT_CONVERSION = YES_AGGRESSIVE;
				CLANG_CXX_LANGUAGE_STANDARD = "gnu++20";
				CLANG_ENABLE_MODULES = YES;
				CLANG_ENABLE_OBJC_ARC = YES;
				CLANG_ENABLE_OBJC_WEAK = YES;
				CLANG_WARN_BLOCK_CAPTURE_AUTORELEASING = YES;
				CLANG_WARN_BOOL_CONVERSION = YES;
				CLANG_WARN_COMMA = YES;
				CLANG_WARN_CONSTANT_CONVERSION = YES;
				CLANG_WARN_DEPRECATED_OBJC_IMPLEMENTATIONS = YES;
				CLANG_WARN_DIRECT_OBJC_ISA_USAGE = YES_ERROR;
				CLANG_WARN_DOCUMENTATION_COMMENTS = YES;
				CLANG_WARN_EMPTY_BODY = YES;
				CLANG_WARN_ENUM_CONVERSION = YES;
				CLANG_WARN_INFINITE_RECURSION = YES;
				CLANG_WARN_INT_CONVERSION = YES;
				CLANG_WARN_NON_LITERAL_NULL_CONVERSION = YES;
				CLANG_WARN_OBJC_IMPLICIT_RETAIN_SELF = YES;
				CLANG_WARN_OBJC_LITERAL_CONVERSION = YES;
				CLANG_WARN_OBJC_ROOT_CLASS = YES_ERROR;
				CLANG_WARN_QUOTED_INCLUDE_IN_FRAMEWORK_HEADER = YES;
				CLANG_WARN_RANGE_LOOP_ANALYSIS = YES;
				CLANG_WARN_STRICT_PROTOTYPES = YES;
				CLANG_WARN_SUSPICIOUS_MOVE = YES;
				CLANG_WARN_UNGUARDED_AVAILABILITY = YES_AGGRESSIVE;
				CLANG_WARN_UNREACHABLE_CODE = YES;
				CLANG_WARN__DUPLICATE_METHOD_MATCH = YES;
				COPY_PHASE_STRIP = NO;
				DEBUG_INFORMATION_FORMAT = dwarf;
				DEVELOPMENT_TEAM = "$(inherited)";
				ENABLE_STRICT_OBJC_MSGSEND = YES;
				ENABLE_TESTABILITY = YES;
				ENABLE_USER_SCRIPT_SANDBOXING = YES;
				GCC_C_LANGUAGE_STANDARD = gnu17;
				GCC_DYNAMIC_NO_PIC = NO;
				GCC_NO_COMMON_BLOCKS = YES;
				GCC_OPTIMIZATION_LEVEL = 0;
				GCC_PREPROCESSOR_DEFINITIONS = (
					"DEBUG=1",
					"$(inherited)",
				);
				GCC_WARN_64_TO_32_BIT_CONVERSION = YES;
				GCC_WARN_ABOUT_RETURN_TYPE = YES_ERROR;
				GCC_WARN_UNDECLARED_SELECTOR = YES;
				GCC_WARN_UNINITIALIZED_AUTOS = YES_AGGRESSIVE;
				GCC_WARN_UNUSED_FUNCTION = YES;
				GCC_WARN_UNUSED_VARIABLE = YES;
				IPHONEOS_DEPLOYMENT_TARGET = 26.0;
				LOCALIZATION_PREFERS_STRING_CATALOGS = YES;
				MTL_ENABLE_DEBUG_INFO = INCLUDE_SOURCE;
				MTL_FAST_MATH = YES;
				ONLY_ACTIVE_ARCH = YES;
				SDKROOT = iphoneos;
				SWIFT_ACTIVE_COMPILATION_CONDITIONS = "DEBUG $(inherited)";
				SWIFT_OPTIMIZATION_LEVEL = "-Onone";
			};
			name = Debug;
		};
		51100E872F21D4A6006B2ADD /* Release */ = {
			isa = XCBuildConfiguration;
			buildSettings = {
				ALWAYS_SEARCH_USER_PATHS = NO;
				ASSETCATALOG_COMPILER_GENERATE_SWIFT_ASSET_SYMBOL_EXTENSIONS = YES;
				CLANG_ANALYZER_NONNULL = YES;
				CLANG_ANALYZER_NUMBER_OBJECT_CONVERSION = YES_AGGRESSIVE;
				CLANG_CXX_LANGUAGE_STANDARD = "gnu++20";
				CLANG_ENABLE_MODULES = YES;
				CLANG_ENABLE_OBJC_ARC = YES;
				CLANG_ENABLE_OBJC_WEAK = YES;
				CLANG_WARN_BLOCK_CAPTURE_AUTORELEASING = YES;
				CLANG_WARN_BOOL_CONVERSION = YES;
				CLANG_WARN_COMMA = YES;
				CLANG_WARN_CONSTANT_CONVERSION = YES;
				CLANG_WARN_DEPRECATED_OBJC_IMPLEMENTATIONS = YES;
				CLANG_WARN_DIRECT_OBJC_ISA_USAGE = YES_ERROR;
				CLANG_WARN_DOCUMENTATION_COMMENTS = YES;
				CLANG_WARN_EMPTY_BODY = YES;
				CLANG_WARN_ENUM_CONVERSION = YES;
				CLANG_WARN_INFINITE_RECURSION = YES;
				CLANG_WARN_INT_CONVERSION = YES;
				CLANG_WARN_NON_LITERAL_NULL_CONVERSION = YES;
				CLANG_WARN_OBJC_IMPLICIT_RETAIN_SELF = YES;
				CLANG_WARN_OBJC_LITERAL_CONVERSION = YES;
				CLANG_WARN_OBJC_ROOT_CLASS = YES_ERROR;
				CLANG_WARN_QUOTED_INCLUDE_IN_FRAMEWORK_HEADER = YES;
				CLANG_WARN_RANGE_LOOP_ANALYSIS = YES;
				CLANG_WARN_STRICT_PROTOTYPES = YES;
				CLANG_WARN_SUSPICIOUS_MOVE = YES;
				CLANG_WARN_UNGUARDED_AVAILABILITY = YES_AGGRESSIVE;
				CLANG_WARN_UNREACHABLE_CODE = YES;
				CLANG_WARN__DUPLICATE_METHOD_MATCH = YES;
				COPY_PHASE_STRIP = NO;
				DEBUG_INFORMATION_FORMAT = "dwarf-with-dsym";
				DEVELOPMENT_TEAM = "$(inherited)";
				ENABLE_NS_ASSERTIONS = NO;
				ENABLE_STRICT_OBJC_MSGSEND = YES;
				ENABLE_USER_SCRIPT_SANDBOXING = YES;
				GCC_C_LANGUAGE_STANDARD = gnu17;
				GCC_NO_COMMON_BLOCKS = YES;
				GCC_WARN_64_TO_32_BIT_CONVERSION = YES;
				GCC_WARN_ABOUT_RETURN_TYPE = YES_ERROR;
				GCC_WARN_UNDECLARED_SELECTOR = YES;
				GCC_WARN_UNINITIALIZED_AUTOS = YES_AGGRESSIVE;
				GCC_WARN_UNUSED_FUNCTION = YES;
				GCC_WARN_UNUSED_VARIABLE = YES;
				IPHONEOS_DEPLOYMENT_TARGET = 26.0;
				LOCALIZATION_PREFERS_STRING_CATALOGS = YES;
				MTL_ENABLE_DEBUG_INFO = NO;
				MTL_FAST_MATH = YES;
				SDKROOT = iphoneos;
				SWIFT_COMPILATION_MODE = wholemodule;
				VALIDATE_PRODUCT = YES;
			};
			name = Release;
		};
		51100E892F21D4A6006B2ADD /* Debug */ = {
			isa = XCBuildConfiguration;
			baseConfigurationReference = 51BD5C5C2F22604F0082DE19 /* AdditionalConfig.xcconfig */;
			buildSettings = {
				ASSETCATALOG_COMPILER_APPICON_NAME = AppIcon;
				ASSETCATALOG_COMPILER_GLOBAL_ACCENT_COLOR_NAME = AccentColor;
				CODE_SIGN_ENTITLEMENTS = SwiftTestApp/SwiftTestApp.entitlements;
				CODE_SIGN_STYLE = Automatic;
				CURRENT_PROJECT_VERSION = 1;
				DEVELOPMENT_TEAM = "$(inherited)";
				ENABLE_PREVIEWS = YES;
				ENABLE_USER_SCRIPT_SANDBOXING = NO;
				FRAMEWORK_SEARCH_PATHS = (
					"$(inherited)",
					"$(SRCROOT)/../shared/build/xcode-frameworks/$(CONFIGURATION)/$(SDK_NAME)\n$(SRCROOT)/../composeApp/build/xcode-frameworks/$(CONFIGURATION)/$(SDK_NAME)",
				);
				GENERATE_INFOPLIST_FILE = YES;
				INFOPLIST_FILE = SwiftTestApp/Info.plist;
				INFOPLIST_KEY_CFBundleDisplayName = "Multipaz Swift Test App";
				INFOPLIST_KEY_NSBluetoothAlwaysUsageDescription = "Bluetooth LE is used for proximity presentment";
				INFOPLIST_KEY_NSFaceIDUsageDescription = "Face ID is used to protect credential keys";
				INFOPLIST_KEY_UIApplicationSceneManifest_Generation = YES;
				INFOPLIST_KEY_UIApplicationSupportsIndirectInputEvents = YES;
				INFOPLIST_KEY_UILaunchScreen_Generation = YES;
				INFOPLIST_KEY_UISupportedInterfaceOrientations_iPad = "UIInterfaceOrientationPortrait UIInterfaceOrientationPortraitUpsideDown UIInterfaceOrientationLandscapeLeft UIInterfaceOrientationLandscapeRight";
				INFOPLIST_KEY_UISupportedInterfaceOrientations_iPhone = "UIInterfaceOrientationPortrait UIInterfaceOrientationLandscapeLeft UIInterfaceOrientationLandscapeRight";
				LD_RUNPATH_SEARCH_PATHS = (
					"$(inherited)",
					"@executable_path/Frameworks",
				);
				MARKETING_VERSION = 1.0;
				OTHER_LDFLAGS = (
					"$(inherited)",
					"-lsqlite3",
				);
				PRODUCT_BUNDLE_IDENTIFIER = org.multipaz.SwiftTestApp;
				PRODUCT_NAME = "$(TARGET_NAME)";
				STRING_CATALOG_GENERATE_SYMBOLS = YES;
				SWIFT_APPROACHABLE_CONCURRENCY = YES;
				SWIFT_DEFAULT_ACTOR_ISOLATION = MainActor;
				SWIFT_EMIT_LOC_STRINGS = YES;
				SWIFT_UPCOMING_FEATURE_MEMBER_IMPORT_VISIBILITY = YES;
				SWIFT_VERSION = 5.0;
				TARGETED_DEVICE_FAMILY = "1,2";
			};
			name = Debug;
		};
		51100E8A2F21D4A6006B2ADD /* Release */ = {
			isa = XCBuildConfiguration;
			baseConfigurationReference = 51BD5C5C2F22604F0082DE19 /* AdditionalConfig.xcconfig */;
			buildSettings = {
				ASSETCATALOG_COMPILER_APPICON_NAME = AppIcon;
				ASSETCATALOG_COMPILER_GLOBAL_ACCENT_COLOR_NAME = AccentColor;
				CODE_SIGN_ENTITLEMENTS = SwiftTestApp/SwiftTestApp.entitlements;
				CODE_SIGN_STYLE = Automatic;
				CURRENT_PROJECT_VERSION = 1;
				DEVELOPMENT_TEAM = "$(inherited)";
				ENABLE_PREVIEWS = YES;
				ENABLE_USER_SCRIPT_SANDBOXING = NO;
				FRAMEWORK_SEARCH_PATHS = (
					"$(inherited)",
					"$(SRCROOT)/../shared/build/xcode-frameworks/$(CONFIGURATION)/$(SDK_NAME)\n$(SRCROOT)/../composeApp/build/xcode-frameworks/$(CONFIGURATION)/$(SDK_NAME)",
				);
				GENERATE_INFOPLIST_FILE = YES;
				INFOPLIST_FILE = SwiftTestApp/Info.plist;
				INFOPLIST_KEY_CFBundleDisplayName = "Multipaz Swift Test App";
				INFOPLIST_KEY_NSBluetoothAlwaysUsageDescription = "Bluetooth LE is used for proximity presentment";
				INFOPLIST_KEY_NSFaceIDUsageDescription = "Face ID is used to protect credential keys";
				INFOPLIST_KEY_UIApplicationSceneManifest_Generation = YES;
				INFOPLIST_KEY_UIApplicationSupportsIndirectInputEvents = YES;
				INFOPLIST_KEY_UILaunchScreen_Generation = YES;
				INFOPLIST_KEY_UISupportedInterfaceOrientations_iPad = "UIInterfaceOrientationPortrait UIInterfaceOrientationPortraitUpsideDown UIInterfaceOrientationLandscapeLeft UIInterfaceOrientationLandscapeRight";
				INFOPLIST_KEY_UISupportedInterfaceOrientations_iPhone = "UIInterfaceOrientationPortrait UIInterfaceOrientationLandscapeLeft UIInterfaceOrientationLandscapeRight";
				LD_RUNPATH_SEARCH_PATHS = (
					"$(inherited)",
					"@executable_path/Frameworks",
				);
				MARKETING_VERSION = 1.0;
				OTHER_LDFLAGS = (
					"$(inherited)",
					"-lsqlite3",
				);
				PRODUCT_BUNDLE_IDENTIFIER = org.multipaz.SwiftTestApp;
				PRODUCT_NAME = "$(TARGET_NAME)";
				STRING_CATALOG_GENERATE_SYMBOLS = YES;
				SWIFT_APPROACHABLE_CONCURRENCY = YES;
				SWIFT_DEFAULT_ACTOR_ISOLATION = MainActor;
				SWIFT_EMIT_LOC_STRINGS = YES;
				SWIFT_UPCOMING_FEATURE_MEMBER_IMPORT_VISIBILITY = YES;
				SWIFT_VERSION = 5.0;
				TARGETED_DEVICE_FAMILY = "1,2";
			};
			name = Release;
		};
		512DAED82F2A31B30061F72B /* Debug */ = {
			isa = XCBuildConfiguration;
			baseConfigurationReference = 51BD5C5C2F22604F0082DE19 /* AdditionalConfig.xcconfig */;
			buildSettings = {
				CODE_SIGN_ENTITLEMENTS = IdentityDocumentProviderExtension/IdentityDocumentProviderExtension.entitlements;
				CODE_SIGN_STYLE = Automatic;
				CURRENT_PROJECT_VERSION = 1;
				DEVELOPMENT_TEAM = "${inherited}";
				ENABLE_USER_SCRIPT_SANDBOXING = NO;
				GENERATE_INFOPLIST_FILE = YES;
				INFOPLIST_FILE = IdentityDocumentProviderExtension/Info.plist;
				INFOPLIST_KEY_CFBundleDisplayName = IdentityDocumentProviderExtension;
				INFOPLIST_KEY_NSHumanReadableCopyright = "";
				LD_RUNPATH_SEARCH_PATHS = (
					"$(inherited)",
					"@executable_path/Frameworks",
					"@executable_path/../../Frameworks",
				);
				MARKETING_VERSION = 1.0;
				PRODUCT_BUNDLE_IDENTIFIER = org.multipaz.SwiftTestApp.IdentityDocumentProviderExtension;
				PRODUCT_NAME = "$(TARGET_NAME)";
				SKIP_INSTALL = YES;
				STRING_CATALOG_GENERATE_SYMBOLS = YES;
				SWIFT_APPROACHABLE_CONCURRENCY = YES;
				SWIFT_EMIT_LOC_STRINGS = YES;
				SWIFT_UPCOMING_FEATURE_MEMBER_IMPORT_VISIBILITY = YES;
				SWIFT_VERSION = 5.0;
				TARGETED_DEVICE_FAMILY = "1,2";
			};
			name = Debug;
		};
		512DAED92F2A31B30061F72B /* Release */ = {
			isa = XCBuildConfiguration;
			baseConfigurationReference = 51BD5C5C2F22604F0082DE19 /* AdditionalConfig.xcconfig */;
			buildSettings = {
				CODE_SIGN_ENTITLEMENTS = IdentityDocumentProviderExtension/IdentityDocumentProviderExtension.entitlements;
				CODE_SIGN_STYLE = Automatic;
				CURRENT_PROJECT_VERSION = 1;
				DEVELOPMENT_TEAM = "${inherited}";
				ENABLE_USER_SCRIPT_SANDBOXING = NO;
				GENERATE_INFOPLIST_FILE = YES;
				INFOPLIST_FILE = IdentityDocumentProviderExtension/Info.plist;
				INFOPLIST_KEY_CFBundleDisplayName = IdentityDocumentProviderExtension;
				INFOPLIST_KEY_NSHumanReadableCopyright = "";
				LD_RUNPATH_SEARCH_PATHS = (
					"$(inherited)",
					"@executable_path/Frameworks",
					"@executable_path/../../Frameworks",
				);
				MARKETING_VERSION = 1.0;
				PRODUCT_BUNDLE_IDENTIFIER = org.multipaz.SwiftTestApp.IdentityDocumentProviderExtension;
				PRODUCT_NAME = "$(TARGET_NAME)";
				SKIP_INSTALL = YES;
				STRING_CATALOG_GENERATE_SYMBOLS = YES;
				SWIFT_APPROACHABLE_CONCURRENCY = YES;
				SWIFT_EMIT_LOC_STRINGS = YES;
				SWIFT_UPCOMING_FEATURE_MEMBER_IMPORT_VISIBILITY = YES;
				SWIFT_VERSION = 5.0;
				TARGETED_DEVICE_FAMILY = "1,2";
			};
			name = Release;
		};
/* End XCBuildConfiguration section */

/* Begin XCConfigurationList section */
		51100E622F21D4A5006B2ADD /* Build configuration list for PBXProject "SwiftTestApp" */ = {
			isa = XCConfigurationList;
			buildConfigurations = (
				51100E862F21D4A6006B2ADD /* Debug */,
				51100E872F21D4A6006B2ADD /* Release */,
			);
			defaultConfigurationIsVisible = 0;
			defaultConfigurationName = Release;
		};
		51100E882F21D4A6006B2ADD /* Build configuration list for PBXNativeTarget "SwiftTestApp" */ = {
			isa = XCConfigurationList;
			buildConfigurations = (
				51100E892F21D4A6006B2ADD /* Debug */,
				51100E8A2F21D4A6006B2ADD /* Release */,
			);
			defaultConfigurationIsVisible = 0;
			defaultConfigurationName = Release;
		};
		512DAEDB2F2A31B30061F72B /* Build configuration list for PBXNativeTarget "IdentityDocumentProviderExtension" */ = {
			isa = XCConfigurationList;
			buildConfigurations = (
				512DAED82F2A31B30061F72B /* Debug */,
				512DAED92F2A31B30061F72B /* Release */,
			);
			defaultConfigurationIsVisible = 0;
			defaultConfigurationName = Release;
		};
/* End XCConfigurationList section */
	};
	rootObject = 51100E5F2F21D4A5006B2ADD /* Project object */;
}
