// !$*UTF8*$!
{
	archiveVersion = 1;
	classes = {
	};
	objectVersion = 77;
	objects = {

/* Begin PBXBuildFile section */
		512DAED62F2A31B30061F72B /* IdentityDocumentProviderExtension.appex in Embed ExtensionKit Extensions */ = {isa = PBXBuildFile; fileRef = 512DAECF2F2A31B30061F72B /* IdentityDocumentProviderExtension.appex */; settings = {ATTRIBUTES = (RemoveHeadersOnCopy, ); }; };
		5183236B2FA6AB090083253A /* MdocProximityQrSettings.swift in Sources */ = {isa = PBXBuildFile; fileRef = 5183235D2FA6AB080083253A /* MdocProximityQrSettings.swift */; };
		5183236C2FA6AB090083253A /* SimplePresentmentSourceExt.swift in Sources */ = {isa = PBXBuildFile; fileRef = 518323652FA6AB080083253A /* SimplePresentmentSourceExt.swift */; };
		5183236D2FA6AB090083253A /* Consent.swift in Sources */ = {isa = PBXBuildFile; fileRef = 5183234D2FA6AB080083253A /* Consent.swift */; };
		5183236E2FA6AB090083253A /* FloatingItemHeadingAndDateTime.swift in Sources */ = {isa = PBXBuildFile; fileRef = 518323582FA6AB080083253A /* FloatingItemHeadingAndDateTime.swift */; };
		5183236F2FA6AB090083253A /* RequestAuthorizationView.swift in Sources */ = {isa = PBXBuildFile; fileRef = 518323642FA6AB080083253A /* RequestAuthorizationView.swift */; };
		518323702FA6AB090083253A /* ConsentPromptDialog.swift in Sources */ = {isa = PBXBuildFile; fileRef = 5183234E2FA6AB080083253A /* ConsentPromptDialog.swift */; };
		518323712FA6AB090083253A /* DefaultToHumanReadable.swift in Sources */ = {isa = PBXBuildFile; fileRef = 5183234F2FA6AB080083253A /* DefaultToHumanReadable.swift */; };
		518323722FA6AB090083253A /* TagsExt.swift in Sources */ = {isa = PBXBuildFile; fileRef = 518323672FA6AB080083253A /* TagsExt.swift */; };
		518323732FA6AB090083253A /* X509CertViewer.swift in Sources */ = {isa = PBXBuildFile; fileRef = 518323692FA6AB080083253A /* X509CertViewer.swift */; };
		518323742FA6AB090083253A /* PassphrasePromptDialog.swift in Sources */ = {isa = PBXBuildFile; fileRef = 5183235F2FA6AB080083253A /* PassphrasePromptDialog.swift */; };
		518323752FA6AB090083253A /* VerticalCardList.swift in Sources */ = {isa = PBXBuildFile; fileRef = 518323682FA6AB080083253A /* VerticalCardList.swift */; };
		518323762FA6AB090083253A /* DocumentExtCardart.swift in Sources */ = {isa = PBXBuildFile; fileRef = 518323512FA6AB080083253A /* DocumentExtCardart.swift */; };
		518323772FA6AB090083253A /* PromptDialogs.swift in Sources */ = {isa = PBXBuildFile; fileRef = 518323602FA6AB080083253A /* PromptDialogs.swift */; };
		518323782FA6AB090083253A /* Extensions.swift in Sources */ = {isa = PBXBuildFile; fileRef = 518323532FA6AB080083253A /* Extensions.swift */; };
		518323792FA6AB090083253A /* CardBadge.swift in Sources */ = {isa = PBXBuildFile; fileRef = 5183234A2FA6AB080083253A /* CardBadge.swift */; };
		5183237A2FA6AB090083253A /* FloatingItemText.swift in Sources */ = {isa = PBXBuildFile; fileRef = 5183235B2FA6AB080083253A /* FloatingItemText.swift */; };
		5183237B2FA6AB090083253A /* DocumentExt.swift in Sources */ = {isa = PBXBuildFile; fileRef = 518323502FA6AB080083253A /* DocumentExt.swift */; };
		5183237C2FA6AB090083253A /* ProvisioningView.swift in Sources */ = {isa = PBXBuildFile; fileRef = 518323622FA6AB080083253A /* ProvisioningView.swift */; };
		5183237D2FA6AB090083253A /* FloatingItemContainer.swift in Sources */ = {isa = PBXBuildFile; fileRef = 518323552FA6AB080083253A /* FloatingItemContainer.swift */; };
		5183237E2FA6AB090083253A /* SmartSheet.swift in Sources */ = {isa = PBXBuildFile; fileRef = 518323662FA6AB080083253A /* SmartSheet.swift */; };
		5183237F2FA6AB090083253A /* FloatingItemCenteredText.swift in Sources */ = {isa = PBXBuildFile; fileRef = 518323542FA6AB080083253A /* FloatingItemCenteredText.swift */; };
		518323802FA6AB090083253A /* FloatingItemList.swift in Sources */ = {isa = PBXBuildFile; fileRef = 5183235A2FA6AB080083253A /* FloatingItemList.swift */; };
		518323812FA6AB090083253A /* PassphraseInputView.swift in Sources */ = {isa = PBXBuildFile; fileRef = 5183235E2FA6AB080083253A /* PassphraseInputView.swift */; };
		518323822FA6AB090083253A /* DocumentModel.swift in Sources */ = {isa = PBXBuildFile; fileRef = 518323522FA6AB080083253A /* DocumentModel.swift */; };
		518323832FA6AB090083253A /* MdocProximityQrPresentment.swift in Sources */ = {isa = PBXBuildFile; fileRef = 5183235C2FA6AB080083253A /* MdocProximityQrPresentment.swift */; };
		518323842FA6AB090083253A /* FloatingItemHeadingAndText.swift in Sources */ = {isa = PBXBuildFile; fileRef = 518323592FA6AB080083253A /* FloatingItemHeadingAndText.swift */; };
		518323852FA6AB090083253A /* QrCode.swift in Sources */ = {isa = PBXBuildFile; fileRef = 518323632FA6AB080083253A /* QrCode.swift */; };
		518323862FA6AB090083253A /* CardCarousel.swift in Sources */ = {isa = PBXBuildFile; fileRef = 5183234B2FA6AB080083253A /* CardCarousel.swift */; };
		518323872FA6AB090083253A /* CardInfo.swift in Sources */ = {isa = PBXBuildFile; fileRef = 5183234C2FA6AB080083253A /* CardInfo.swift */; };
		518323882FA6AB090083253A /* FloatingItemHeadingAndContent.swift in Sources */ = {isa = PBXBuildFile; fileRef = 518323562FA6AB080083253A /* FloatingItemHeadingAndContent.swift */; };
		518323892FA6AB090083253A /* PromptModelExt.swift in Sources */ = {isa = PBXBuildFile; fileRef = 518323612FA6AB080083253A /* PromptModelExt.swift */; };
		5183238A2FA6AB090083253A /* FloatingItemHeadingAndDate.swift in Sources */ = {isa = PBXBuildFile; fileRef = 518323572FA6AB080083253A /* FloatingItemHeadingAndDate.swift */; };
		5183238B2FA6AB090083253A /* MdocProximityQrSettings.swift in Sources */ = {isa = PBXBuildFile; fileRef = 5183235D2FA6AB080083253A /* MdocProximityQrSettings.swift */; };
		5183238C2FA6AB090083253A /* SimplePresentmentSourceExt.swift in Sources */ = {isa = PBXBuildFile; fileRef = 518323652FA6AB080083253A /* SimplePresentmentSourceExt.swift */; };
		5183238D2FA6AB090083253A /* Consent.swift in Sources */ = {isa = PBXBuildFile; fileRef = 5183234D2FA6AB080083253A /* Consent.swift */; };
		5183238E2FA6AB090083253A /* FloatingItemHeadingAndDateTime.swift in Sources */ = {isa = PBXBuildFile; fileRef = 518323582FA6AB080083253A /* FloatingItemHeadingAndDateTime.swift */; };
		5183238F2FA6AB090083253A /* RequestAuthorizationView.swift in Sources */ = {isa = PBXBuildFile; fileRef = 518323642FA6AB080083253A /* RequestAuthorizationView.swift */; };
		518323902FA6AB090083253A /* ConsentPromptDialog.swift in Sources */ = {isa = PBXBuildFile; fileRef = 5183234E2FA6AB080083253A /* ConsentPromptDialog.swift */; };
		518323912FA6AB090083253A /* DefaultToHumanReadable.swift in Sources */ = {isa = PBXBuildFile; fileRef = 5183234F2FA6AB080083253A /* DefaultToHumanReadable.swift */; };
		518323922FA6AB090083253A /* TagsExt.swift in Sources */ = {isa = PBXBuildFile; fileRef = 518323672FA6AB080083253A /* TagsExt.swift */; };
		518323932FA6AB090083253A /* X509CertViewer.swift in Sources */ = {isa = PBXBuildFile; fileRef = 518323692FA6AB080083253A /* X509CertViewer.swift */; };
		518323942FA6AB090083253A /* PassphrasePromptDialog.swift in Sources */ = {isa = PBXBuildFile; fileRef = 5183235F2FA6AB080083253A /* PassphrasePromptDialog.swift */; };
		518323952FA6AB090083253A /* VerticalCardList.swift in Sources */ = {isa = PBXBuildFile; fileRef = 518323682FA6AB080083253A /* VerticalCardList.swift */; };
		518323962FA6AB090083253A /* DocumentExtCardart.swift in Sources */ = {isa = PBXBuildFile; fileRef = 518323512FA6AB080083253A /* DocumentExtCardart.swift */; };
		518323972FA6AB090083253A /* PromptDialogs.swift in Sources */ = {isa = PBXBuildFile; fileRef = 518323602FA6AB080083253A /* PromptDialogs.swift */; };
		518323982FA6AB090083253A /* Extensions.swift in Sources */ = {isa = PBXBuildFile; fileRef = 518323532FA6AB080083253A /* Extensions.swift */; };
		518323992FA6AB090083253A /* CardBadge.swift in Sources */ = {isa = PBXBuildFile; fileRef = 5183234A2FA6AB080083253A /* CardBadge.swift */; };
		5183239A2FA6AB090083253A /* FloatingItemText.swift in Sources */ = {isa = PBXBuildFile; fileRef = 5183235B2FA6AB080083253A /* FloatingItemText.swift */; };
		5183239B2FA6AB090083253A /* DocumentExt.swift in Sources */ = {isa = PBXBuildFile; fileRef = 518323502FA6AB080083253A /* DocumentExt.swift */; };
		5183239C2FA6AB090083253A /* ProvisioningView.swift in Sources */ = {isa = PBXBuildFile; fileRef = 518323622FA6AB080083253A /* ProvisioningView.swift */; };
		5183239D2FA6AB090083253A /* FloatingItemContainer.swift in Sources */ = {isa = PBXBuildFile; fileRef = 518323552FA6AB080083253A /* FloatingItemContainer.swift */; };
		5183239E2FA6AB090083253A /* SmartSheet.swift in Sources */ = {isa = PBXBuildFile; fileRef = 518323662FA6AB080083253A /* SmartSheet.swift */; };
		5183239F2FA6AB090083253A /* FloatingItemCenteredText.swift in Sources */ = {isa = PBXBuildFile; fileRef = 518323542FA6AB080083253A /* FloatingItemCenteredText.swift */; };
		518323A02FA6AB090083253A /* FloatingItemList.swift in Sources */ = {isa = PBXBuildFile; fileRef = 5183235A2FA6AB080083253A /* FloatingItemList.swift */; };
		518323A12FA6AB090083253A /* PassphraseInputView.swift in Sources */ = {isa = PBXBuildFile; fileRef = 5183235E2FA6AB080083253A /* PassphraseInputView.swift */; };
		518323A22FA6AB090083253A /* DocumentModel.swift in Sources */ = {isa = PBXBuildFile; fileRef = 518323522FA6AB080083253A /* DocumentModel.swift */; };
		518323A32FA6AB090083253A /* MdocProximityQrPresentment.swift in Sources */ = {isa = PBXBuildFile; fileRef = 5183235C2FA6AB080083253A /* MdocProximityQrPresentment.swift */; };
		518323A42FA6AB090083253A /* FloatingItemHeadingAndText.swift in Sources */ = {isa = PBXBuildFile; fileRef = 518323592FA6AB080083253A /* FloatingItemHeadingAndText.swift */; };
		518323A52FA6AB090083253A /* QrCode.swift in Sources */ = {isa = PBXBuildFile; fileRef = 518323632FA6AB080083253A /* QrCode.swift */; };
		518323A62FA6AB090083253A /* CardCarousel.swift in Sources */ = {isa = PBXBuildFile; fileRef = 5183234B2FA6AB080083253A /* CardCarousel.swift */; };
		518323A72FA6AB090083253A /* CardInfo.swift in Sources */ = {isa = PBXBuildFile; fileRef = 5183234C2FA6AB080083253A /* CardInfo.swift */; };
		518323A82FA6AB090083253A /* FloatingItemHeadingAndContent.swift in Sources */ = {isa = PBXBuildFile; fileRef = 518323562FA6AB080083253A /* FloatingItemHeadingAndContent.swift */; };
		518323A92FA6AB090083253A /* PromptModelExt.swift in Sources */ = {isa = PBXBuildFile; fileRef = 518323612FA6AB080083253A /* PromptModelExt.swift */; };
		518323AA2FA6AB090083253A /* FloatingItemHeadingAndDate.swift in Sources */ = {isa = PBXBuildFile; fileRef = 518323572FA6AB080083253A /* FloatingItemHeadingAndDate.swift */; };
		51BD5C5E2F22604F0082DE19 /* AdditionalConfig.xcconfig in Resources */ = {isa = PBXBuildFile; fileRef = 51BD5C5C2F22604F0082DE19 /* AdditionalConfig.xcconfig */; };
		51BD5C5F2F22604F0082DE19 /* DeveloperConfig.xcconfig in Resources */ = {isa = PBXBuildFile; fileRef = 51BD5C5D2F22604F0082DE19 /* DeveloperConfig.xcconfig */; };
/* End PBXBuildFile section */

/* Begin PBXContainerItemProxy section */
		512DAED42F2A31B30061F72B /* PBXContainerItemProxy */ = {
			isa = PBXContainerItemProxy;
			containerPortal = 51100E5F2F21D4A5006B2ADD /* Project object */;
			proxyType = 1;
			remoteGlobalIDString = 512DAECE2F2A31B30061F72B;
			remoteInfo = IdentityDocumentProviderExtension;
		};
/* End PBXContainerItemProxy section */

/* Begin PBXCopyFilesBuildPhase section */
		512DAED72F2A31B30061F72B /* Embed ExtensionKit Extensions */ = {
			isa = PBXCopyFilesBuildPhase;
			buildActionMask = 2147483647;
			dstPath = "$(EXTENSIONS_FOLDER_PATH)";
			dstSubfolderSpec = 16;
			files = (
				512DAED62F2A31B30061F72B /* IdentityDocumentProviderExtension.appex in Embed ExtensionKit Extensions */,
			);
			name = "Embed ExtensionKit Extensions";
			runOnlyForDeploymentPostprocessing = 0;
		};
/* End PBXCopyFilesBuildPhase section */

/* Begin PBXFileReference section */
		51100E672F21D4A5006B2ADD /* SwiftTestApp.app */ = {isa = PBXFileReference; explicitFileType = wrapper.application; includeInIndex = 0; path = SwiftTestApp.app; sourceTree = BUILT_PRODUCTS_DIR; };
		512DAECF2F2A31B30061F72B /* IdentityDocumentProviderExtension.appex */ = {isa = PBXFileReference; explicitFileType = "wrapper.extensionkit-extension"; includeInIndex = 0; path = IdentityDocumentProviderExtension.appex; sourceTree = BUILT_PRODUCTS_DIR; };
		5183234A2FA6AB080083253A /* CardBadge.swift */ = {isa = PBXFileReference; lastKnownFileType = sourcecode.swift; path = CardBadge.swift; sourceTree = "<group>"; };
		5183234B2FA6AB080083253A /* CardCarousel.swift */ = {isa = PBXFileReference; lastKnownFileType = sourcecode.swift; path = CardCarousel.swift; sourceTree = "<group>"; };
		5183234C2FA6AB080083253A /* CardInfo.swift */ = {isa = PBXFileReference; lastKnownFileType = sourcecode.swift; path = CardInfo.swift; sourceTree = "<group>"; };
		5183234D2FA6AB080083253A /* Consent.swift */ = {isa = PBXFileReference; lastKnownFileType = sourcecode.swift; path = Consent.swift; sourceTree = "<group>"; };
		5183234E2FA6AB080083253A /* ConsentPromptDialog.swift */ = {isa = PBXFileReference; lastKnownFileType = sourcecode.swift; path = ConsentPromptDialog.swift; sourceTree = "<group>"; };
		5183234F2FA6AB080083253A /* DefaultToHumanReadable.swift */ = {isa = PBXFileReference; lastKnownFileType = sourcecode.swift; path = DefaultToHumanReadable.swift; sourceTree = "<group>"; };
		518323502FA6AB080083253A /* DocumentExt.swift */ = {isa = PBXFileReference; lastKnownFileType = sourcecode.swift; path = DocumentExt.swift; sourceTree = "<group>"; };
		518323512FA6AB080083253A /* DocumentExtCardart.swift */ = {isa = PBXFileReference; lastKnownFileType = sourcecode.swift; path = DocumentExtCardart.swift; sourceTree = "<group>"; };
		518323522FA6AB080083253A /* DocumentModel.swift */ = {isa = PBXFileReference; lastKnownFileType = sourcecode.swift; path = DocumentModel.swift; sourceTree = "<group>"; };
		518323532FA6AB080083253A /* Extensions.swift */ = {isa = PBXFileReference; lastKnownFileType = sourcecode.swift; path = Extensions.swift; sourceTree = "<group>"; };
		518323542FA6AB080083253A /* FloatingItemCenteredText.swift */ = {isa = PBXFileReference; lastKnownFileType = sourcecode.swift; path = FloatingItemCenteredText.swift; sourceTree = "<group>"; };
		518323552FA6AB080083253A /* FloatingItemContainer.swift */ = {isa = PBXFileReference; lastKnownFileType = sourcecode.swift; path = FloatingItemContainer.swift; sourceTree = "<group>"; };
		518323562FA6AB080083253A /* FloatingItemHeadingAndContent.swift */ = {isa = PBXFileReference; lastKnownFileType = sourcecode.swift; path = FloatingItemHeadingAndContent.swift; sourceTree = "<group>"; };
		518323572FA6AB080083253A /* FloatingItemHeadingAndDate.swift */ = {isa = PBXFileReference; lastKnownFileType = sourcecode.swift; path = FloatingItemHeadingAndDate.swift; sourceTree = "<group>"; };
		518323582FA6AB080083253A /* FloatingItemHeadingAndDateTime.swift */ = {isa = PBXFileReference; lastKnownFileType = sourcecode.swift; path = FloatingItemHeadingAndDateTime.swift; sourceTree = "<group>"; };
		518323592FA6AB080083253A /* FloatingItemHeadingAndText.swift */ = {isa = PBXFileReference; lastKnownFileType = sourcecode.swift; path = FloatingItemHeadingAndText.swift; sourceTree = "<group>"; };
		5183235A2FA6AB080083253A /* FloatingItemList.swift */ = {isa = PBXFileReference; lastKnownFileType = sourcecode.swift; path = FloatingItemList.swift; sourceTree = "<group>"; };
		5183235B2FA6AB080083253A /* FloatingItemText.swift */ = {isa = PBXFileReference; lastKnownFileType = sourcecode.swift; path = FloatingItemText.swift; sourceTree = "<group>"; };
		5183235C2FA6AB080083253A /* MdocProximityQrPresentment.swift */ = {isa = PBXFileReference; lastKnownFileType = sourcecode.swift; path = MdocProximityQrPresentment.swift; sourceTree = "<group>"; };
		5183235D2FA6AB080083253A /* MdocProximityQrSettings.swift */ = {isa = PBXFileReference; lastKnownFileType = sourcecode.swift; path = MdocProximityQrSettings.swift; sourceTree = "<group>"; };
		5183235E2FA6AB080083253A /* PassphraseInputView.swift */ = {isa = PBXFileReference; lastKnownFileType = sourcecode.swift; path = PassphraseInputView.swift; sourceTree = "<group>"; };
		5183235F2FA6AB080083253A /* PassphrasePromptDialog.swift */ = {isa = PBXFileReference; lastKnownFileType = sourcecode.swift; path = PassphrasePromptDialog.swift; sourceTree = "<group>"; };
		518323602FA6AB080083253A /* PromptDialogs.swift */ = {isa = PBXFileReference; lastKnownFileType = sourcecode.swift; path = PromptDialogs.swift; sourceTree = "<group>"; };
		518323612FA6AB080083253A /* PromptModelExt.swift */ = {isa = PBXFileReference; lastKnownFileType = sourcecode.swift; path = PromptModelExt.swift; sourceTree = "<group>"; };
		518323622FA6AB080083253A /* ProvisioningView.swift */ = {isa = PBXFileReference; lastKnownFileType = sourcecode.swift; path = ProvisioningView.swift; sourceTree = "<group>"; };
		518323632FA6AB080083253A /* QrCode.swift */ = {isa = PBXFileReference; lastKnownFileType = sourcecode.swift; path = QrCode.swift; sourceTree = "<group>"; };
		518323642FA6AB080083253A /* RequestAuthorizationView.swift */ = {isa = PBXFileReference; lastKnownFileType = sourcecode.swift; path = RequestAuthorizationView.swift; sourceTree = "<group>"; };
		518323652FA6AB080083253A /* SimplePresentmentSourceExt.swift */ = {isa = PBXFileReference; lastKnownFileType = sourcecode.swift; path = SimplePresentmentSourceExt.swift; sourceTree = "<group>"; };
		518323662FA6AB080083253A /* SmartSheet.swift */ = {isa = PBXFileReference; lastKnownFileType = sourcecode.swift; path = SmartSheet.swift; sourceTree = "<group>"; };
		518323672FA6AB080083253A /* TagsExt.swift */ = {isa = PBXFileReference; lastKnownFileType = sourcecode.swift; path = TagsExt.swift; sourceTree = "<group>"; };
		518323682FA6AB080083253A /* VerticalCardList.swift */ = {isa = PBXFileReference; lastKnownFileType = sourcecode.swift; path = VerticalCardList.swift; sourceTree = "<group>"; };
		518323692FA6AB080083253A /* X509CertViewer.swift */ = {isa = PBXFileReference; lastKnownFileType = sourcecode.swift; path = X509CertViewer.swift; sourceTree = "<group>"; };
		51BD5C5C2F22604F0082DE19 /* AdditionalConfig.xcconfig */ = {isa = PBXFileReference; lastKnownFileType = text.xcconfig; name = AdditionalConfig.xcconfig; path = ../testapp/iosApp/AdditionalConfig.xcconfig; sourceTree = SOURCE_ROOT; };
		51BD5C5D2F22604F0082DE19 /* DeveloperConfig.xcconfig */ = {isa = PBXFileReference; lastKnownFileType = text.xcconfig; name = DeveloperConfig.xcconfig; path = ../testapp/iosApp/DeveloperConfig.xcconfig; sourceTree = SOURCE_ROOT; };
/* End PBXFileReference section */

/* Begin PBXFileSystemSynchronizedBuildFileExceptionSet section */
		51C6CB262F2B162E003EAB7A /* Exceptions for "IdentityDocumentProviderExtension" folder in "IdentityDocumentProviderExtension" target */ = {
			isa = PBXFileSystemSynchronizedBuildFileExceptionSet;
			membershipExceptions = (
				Info.plist,
			);
			target = 512DAECE2F2A31B30061F72B /* IdentityDocumentProviderExtension */;
		};
		7BBF4E9A2F3A2773003F6A61 /* Exceptions for "SwiftTestApp" folder in "SwiftTestApp" target */ = {
			isa = PBXFileSystemSynchronizedBuildFileExceptionSet;
			membershipExceptions = (
				Info.plist,
			);
			target = 51100E662F21D4A5006B2ADD /* SwiftTestApp */;
		};
/* End PBXFileSystemSynchronizedBuildFileExceptionSet section */

/* Begin PBXFileSystemSynchronizedRootGroup section */
		51100E692F21D4A5006B2ADD /* SwiftTestApp */ = {
			isa = PBXFileSystemSynchronizedRootGroup;
			exceptions = (
				7BBF4E9A2F3A2773003F6A61 /* Exceptions for "SwiftTestApp" folder in "SwiftTestApp" target */,
			);
			path = SwiftTestApp;
			sourceTree = "<group>";
		};
		512DAED02F2A31B30061F72B /* IdentityDocumentProviderExtension */ = {
			isa = PBXFileSystemSynchronizedRootGroup;
			exceptions = (
				51C6CB262F2B162E003EAB7A /* Exceptions for "IdentityDocumentProviderExtension" folder in "IdentityDocumentProviderExtension" target */,
			);
			path = IdentityDocumentProviderExtension;
			sourceTree = "<group>";
		};
/* End PBXFileSystemSynchronizedRootGroup section */

/* Begin PBXFrameworksBuildPhase section */
		51100E642F21D4A5006B2ADD /* Frameworks */ = {
			isa = PBXFrameworksBuildPhase;
			buildActionMask = 2147483647;
			files = (
			);
			runOnlyForDeploymentPostprocessing = 0;
		};
		512DAECC2F2A31B30061F72B /* Frameworks */ = {
			isa = PBXFrameworksBuildPhase;
			buildActionMask = 2147483647;
			files = (
			);
			runOnlyForDeploymentPostprocessing = 0;
		};
/* End PBXFrameworksBuildPhase section */

/* Begin PBXGroup section */
		51100E5E2F21D4A5006B2ADD = {
			isa = PBXGroup;
			children = (
				5183236A2FA6AB080083253A /* swift */,
				51BD5C5C2F22604F0082DE19 /* AdditionalConfig.xcconfig */,
				51BD5C5D2F22604F0082DE19 /* DeveloperConfig.xcconfig */,
				51100E692F21D4A5006B2ADD /* SwiftTestApp */,
				512DAED02F2A31B30061F72B /* IdentityDocumentProviderExtension */,
				512DAEDC2F2A33330061F72B /* Frameworks */,
				51100E682F21D4A5006B2ADD /* Products */,
			);
			sourceTree = "<group>";
		};
		51100E682F21D4A5006B2ADD /* Products */ = {
			isa = PBXGroup;
			children = (
				51100E672F21D4A5006B2ADD /* SwiftTestApp.app */,
				512DAECF2F2A31B30061F72B /* IdentityDocumentProviderExtension.appex */,
			);
			name = Products;
			sourceTree = "<group>";
		};
		512DAEDC2F2A33330061F72B /* Frameworks */ = {
			isa = PBXGroup;
			children = (
			);
			name = Frameworks;
			sourceTree = "<group>";
		};
		5183236A2FA6AB080083253A /* swift */ = {
			isa = PBXGroup;
			children = (
				5183234A2FA6AB080083253A /* CardBadge.swift */,
				5183234B2FA6AB080083253A /* CardCarousel.swift */,
				5183234C2FA6AB080083253A /* CardInfo.swift */,
				5183234D2FA6AB080083253A /* Consent.swift */,
				5183234E2FA6AB080083253A /* ConsentPromptDialog.swift */,
				5183234F2FA6AB080083253A /* DefaultToHumanReadable.swift */,
				518323502FA6AB080083253A /* DocumentExt.swift */,
				518323512FA6AB080083253A /* DocumentExtCardart.swift */,
				518323522FA6AB080083253A /* DocumentModel.swift */,
				518323532FA6AB080083253A /* Extensions.swift */,
				518323542FA6AB080083253A /* FloatingItemCenteredText.swift */,
				518323552FA6AB080083253A /* FloatingItemContainer.swift */,
				518323562FA6AB080083253A /* FloatingItemHeadingAndContent.swift */,
				518323572FA6AB080083253A /* FloatingItemHeadingAndDate.swift */,
				518323582FA6AB080083253A /* FloatingItemHeadingAndDateTime.swift */,
				518323592FA6AB080083253A /* FloatingItemHeadingAndText.swift */,
				5183235A2FA6AB080083253A /* FloatingItemList.swift */,
				5183235B2FA6AB080083253A /* FloatingItemText.swift */,
				5183235C2FA6AB080083253A /* MdocProximityQrPresentment.swift */,
				5183235D2FA6AB080083253A /* MdocProximityQrSettings.swift */,
				5183235E2FA6AB080083253A /* PassphraseInputView.swift */,
				5183235F2FA6AB080083253A /* PassphrasePromptDialog.swift */,
				518323602FA6AB080083253A /* PromptDialogs.swift */,
				518323612FA6AB080083253A /* PromptModelExt.swift */,
				518323622FA6AB080083253A /* ProvisioningView.swift */,
				518323632FA6AB080083253A /* QrCode.swift */,
				518323642FA6AB080083253A /* RequestAuthorizationView.swift */,
				518323652FA6AB080083253A /* SimplePresentmentSourceExt.swift */,
				518323662FA6AB080083253A /* SmartSheet.swift */,
				518323672FA6AB080083253A /* TagsExt.swift */,
				518323682FA6AB080083253A /* VerticalCardList.swift */,
				518323692FA6AB080083253A /* X509CertViewer.swift */,
			);
			name = swift;
			path = "/Users/davidz/StudioProjects/multipaz/multipaz-swiftui/src/iosMain/swift";
			sourceTree = "<absolute>";
		};
/* End PBXGroup section */

/* Begin PBXNativeTarget section */
		51100E662F21D4A5006B2ADD /* SwiftTestApp */ = {
			isa = PBXNativeTarget;
			buildConfigurationList = 51100E882F21D4A6006B2ADD /* Build configuration list for PBXNativeTarget "SwiftTestApp" */;
			buildPhases = (
				7B92F9932F75E5FC007A00A1 /* Compile Kotlin Framework */,
				51100E632F21D4A5006B2ADD /* Sources */,
				51100E642F21D4A5006B2ADD /* Frameworks */,
				51100E652F21D4A5006B2ADD /* Resources */,
				512DAED72F2A31B30061F72B /* Embed ExtensionKit Extensions */,
			);
			buildRules = (
			);
			dependencies = (
				512DAED52F2A31B30061F72B /* PBXTargetDependency */,
			);
			fileSystemSynchronizedGroups = (
				51100E692F21D4A5006B2ADD /* SwiftTestApp */,
			);
			name = SwiftTestApp;
			packageProductDependencies = (
			);
			productName = SwiftTestApp;
			productReference = 51100E672F21D4A5006B2ADD /* SwiftTestApp.app */;
			productType = "com.apple.product-type.application";
		};
		512DAECE2F2A31B30061F72B /* IdentityDocumentProviderExtension */ = {
			isa = PBXNativeTarget;
			buildConfigurationList = 512DAEDB2F2A31B30061F72B /* Build configuration list for PBXNativeTarget "IdentityDocumentProviderExtension" */;
			buildPhases = (
				7B92F9512F75DB8B007A00A1 /* Compile Kotlin Framework */,
				512DAECB2F2A31B30061F72B /* Sources */,
				512DAECC2F2A31B30061F72B /* Frameworks */,
				512DAECD2F2A31B30061F72B /* Resources */,
			);
			buildRules = (
			);
			dependencies = (
			);
			fileSystemSynchronizedGroups = (
				512DAED02F2A31B30061F72B /* IdentityDocumentProviderExtension */,
			);
			name = IdentityDocumentProviderExtension;
			packageProductDependencies = (
			);
			productName = IdentityDocumentProviderExtension;
			productReference = 512DAECF2F2A31B30061F72B /* IdentityDocumentProviderExtension.appex */;
			productType = "com.apple.product-type.extensionkit-extension";
		};
/* End PBXNativeTarget section */

/* Begin PBXProject section */
		51100E5F2F21D4A5006B2ADD /* Project object */ = {
			isa = PBXProject;
			attributes = {
				BuildIndependentTargetsInParallel = 1;
				LastSwiftUpdateCheck = 2600;
				LastUpgradeCheck = 2600;
				TargetAttributes = {
					51100E662F21D4A5006B2ADD = {
						CreatedOnToolsVersion = 26.0.1;
					};
					512DAECE2F2A31B30061F72B = {
						CreatedOnToolsVersion = 26.0.1;
					};
				};
			};
			buildConfigurationList = 51100E622F21D4A5006B2ADD /* Build configuration list for PBXProject "SwiftTestApp" */;
			developmentRegion = en;
			hasScannedForEncodings = 0;
			knownRegions = (
				en,
				Base,
			);
			mainGroup = 51100E5E2F21D4A5006B2ADD;
			minimizedProjectReferenceProxies = 1;
			packageReferences = (
			);
			preferredProjectObjectVersion = 77;
			productRefGroup = 51100E682F21D4A5006B2ADD /* Products */;
			projectDirPath = "";
			projectRoot = "";
			targets = (
				51100E662F21D4A5006B2ADD /* SwiftTestApp */,
				512DAECE2F2A31B30061F72B /* IdentityDocumentProviderExtension */,
			);
		};
/* End PBXProject section */

/* Begin PBXResourcesBuildPhase section */
		51100E652F21D4A5006B2ADD /* Resources */ = {
			isa = PBXResourcesBuildPhase;
			buildActionMask = 2147483647;
			files = (
				51BD5C5E2F22604F0082DE19 /* AdditionalConfig.xcconfig in Resources */,
				51BD5C5F2F22604F0082DE19 /* DeveloperConfig.xcconfig in Resources */,
			);
			runOnlyForDeploymentPostprocessing = 0;
		};
		512DAECD2F2A31B30061F72B /* Resources */ = {
			isa = PBXResourcesBuildPhase;
			buildActionMask = 2147483647;
			files = (
			);
			runOnlyForDeploymentPostprocessing = 0;
		};
/* End PBXResourcesBuildPhase section */

/* Begin PBXShellScriptBuildPhase section */
		7B92F9512F75DB8B007A00A1 /* Compile Kotlin Framework */ = {
			isa = PBXShellScriptBuildPhase;
			alwaysOutOfDate = 1;
			buildActionMask = 12;
			files = (
			);
			inputFileListPaths = (
			);
			inputPaths = (
			);
			name = "Compile Kotlin Framework";
			outputFileListPaths = (
			);
			outputPaths = (
			);
			runOnlyForDeploymentPostprocessing = 0;
			shellPath = /bin/sh;
			shellScript = "if [ \"YES\" = \"$OVERRIDE_KOTLIN_BUILD_IDE_SUPPORTED\" ]; then\n  echo \"Skipping Gradle build task invocation due to OVERRIDE_KOTLIN_BUILD_IDE_SUPPORTED environment variable set to \\\"YES\\\"\"\n  exit 0\nfi\ncd \"$SRCROOT/..\"\n../gradlew :samples:SwiftTestApp:embedAndSignAppleFrameworkForXcode\n";
		};
		7B92F9932F75E5FC007A00A1 /* Compile Kotlin Framework */ = {
			isa = PBXShellScriptBuildPhase;
			alwaysOutOfDate = 1;
			buildActionMask = 2147483647;
			files = (
			);
			inputFileListPaths = (
			);
			inputPaths = (
			);
			name = "Compile Kotlin Framework";
			outputFileListPaths = (
			);
			outputPaths = (
			);
			runOnlyForDeploymentPostprocessing = 0;
			shellPath = /bin/sh;
			shellScript = "if [ \"YES\" = \"$OVERRIDE_KOTLIN_BUILD_IDE_SUPPORTED\" ]; then\n  echo \"Skipping Gradle build task invocation due to OVERRIDE_KOTLIN_BUILD_IDE_SUPPORTED environment variable set to \\\"YES\\\"\"\n  exit 0\nfi\ncd \"$SRCROOT/..\"\n../gradlew :samples:SwiftTestApp:embedAndSignAppleFrameworkForXcode\n";
		};
/* End PBXShellScriptBuildPhase section */

/* Begin PBXSourcesBuildPhase section */
		51100E632F21D4A5006B2ADD /* Sources */ = {
			isa = PBXSourcesBuildPhase;
			buildActionMask = 2147483647;
			files = (
				5183238B2FA6AB090083253A /* MdocProximityQrSettings.swift in Sources */,
				5183238C2FA6AB090083253A /* SimplePresentmentSourceExt.swift in Sources */,
				5183238D2FA6AB090083253A /* Consent.swift in Sources */,
				5183238E2FA6AB090083253A /* FloatingItemHeadingAndDateTime.swift in Sources */,
				5183238F2FA6AB090083253A /* RequestAuthorizationView.swift in Sources */,
				518323902FA6AB090083253A /* ConsentPromptDialog.swift in Sources */,
				518323912FA6AB090083253A /* DefaultToHumanReadable.swift in Sources */,
				518323922FA6AB090083253A /* TagsExt.swift in Sources */,
				518323932FA6AB090083253A /* X509CertViewer.swift in Sources */,
				518323942FA6AB090083253A /* PassphrasePromptDialog.swift in Sources */,
				518323952FA6AB090083253A /* VerticalCardList.swift in Sources */,
				518323962FA6AB090083253A /* DocumentExtCardart.swift in Sources */,
				518323972FA6AB090083253A /* PromptDialogs.swift in Sources */,
				518323982FA6AB090083253A /* Extensions.swift in Sources */,
				518323992FA6AB090083253A /* CardBadge.swift in Sources */,
				5183239A2FA6AB090083253A /* FloatingItemText.swift in Sources */,
				5183239B2FA6AB090083253A /* DocumentExt.swift in Sources */,
				5183239C2FA6AB090083253A /* ProvisioningView.swift in Sources */,
				5183239D2FA6AB090083253A /* FloatingItemContainer.swift in Sources */,
				5183239E2FA6AB090083253A /* SmartSheet.swift in Sources */,
				5183239F2FA6AB090083253A /* FloatingItemCenteredText.swift in Sources */,
				518323A02FA6AB090083253A /* FloatingItemList.swift in Sources */,
				518323A12FA6AB090083253A /* PassphraseInputView.swift in Sources */,
				518323A22FA6AB090083253A /* DocumentModel.swift in Sources */,
				518323A32FA6AB090083253A /* MdocProximityQrPresentment.swift in Sources */,
				518323A42FA6AB090083253A /* FloatingItemHeadingAndText.swift in Sources */,
				518323A52FA6AB090083253A /* QrCode.swift in Sources */,
				518323A62FA6AB090083253A /* CardCarousel.swift in Sources */,
				518323A72FA6AB090083253A /* CardInfo.swift in Sources */,
				518323A82FA6AB090083253A /* FloatingItemHeadingAndContent.swift in Sources */,
				518323A92FA6AB090083253A /* PromptModelExt.swift in Sources */,
				518323AA2FA6AB090083253A /* FloatingItemHeadingAndDate.swift in Sources */,
			);
			runOnlyForDeploymentPostprocessing = 0;
		};
		512DAECB2F2A31B30061F72B /* Sources */ = {
			isa = PBXSourcesBuildPhase;
			buildActionMask = 2147483647;
			files = (
				5183236B2FA6AB090083253A /* MdocProximityQrSettings.swift in Sources */,
				5183236C2FA6AB090083253A /* SimplePresentmentSourceExt.swift in Sources */,
				5183236D2FA6AB090083253A /* Consent.swift in Sources */,
				5183236E2FA6AB090083253A /* FloatingItemHeadingAndDateTime.swift in Sources */,
				5183236F2FA6AB090083253A /* RequestAuthorizationView.swift in Sources */,
				518323702FA6AB090083253A /* ConsentPromptDialog.swift in Sources */,
				518323712FA6AB090083253A /* DefaultToHumanReadable.swift in Sources */,
				518323722FA6AB090083253A /* TagsExt.swift in Sources */,
				518323732FA6AB090083253A /* X509CertViewer.swift in Sources */,
				518323742FA6AB090083253A /* PassphrasePromptDialog.swift in Sources */,
				518323752FA6AB090083253A /* VerticalCardList.swift in Sources */,
				518323762FA6AB090083253A /* DocumentExtCardart.swift in Sources */,
				518323772FA6AB090083253A /* PromptDialogs.swift in Sources */,
				518323782FA6AB090083253A /* Extensions.swift in Sources */,
				518323792FA6AB090083253A /* CardBadge.swift in Sources */,
				5183237A2FA6AB090083253A /* FloatingItemText.swift in Sources */,
				5183237B2FA6AB090083253A /* DocumentExt.swift in Sources */,
				5183237C2FA6AB090083253A /* ProvisioningView.swift in Sources */,
				5183237D2FA6AB090083253A /* FloatingItemContainer.swift in Sources */,
				5183237E2FA6AB090083253A /* SmartSheet.swift in Sources */,
				5183237F2FA6AB090083253A /* FloatingItemCenteredText.swift in Sources */,
				518323802FA6AB090083253A /* FloatingItemList.swift in Sources */,
				518323812FA6AB090083253A /* PassphraseInputView.swift in Sources */,
				518323822FA6AB090083253A /* DocumentModel.swift in Sources */,
				518323832FA6AB090083253A /* MdocProximityQrPresentment.swift in Sources */,
				518323842FA6AB090083253A /* FloatingItemHeadingAndText.swift in Sources */,
				518323852FA6AB090083253A /* QrCode.swift in Sources */,
				518323862FA6AB090083253A /* CardCarousel.swift in Sources */,
				518323872FA6AB090083253A /* CardInfo.swift in Sources */,
				518323882FA6AB090083253A /* FloatingItemHeadingAndContent.swift in Sources */,
				518323892FA6AB090083253A /* PromptModelExt.swift in Sources */,
				5183238A2FA6AB090083253A /* FloatingItemHeadingAndDate.swift in Sources */,
			);
			runOnlyForDeploymentPostprocessing = 0;
		};
/* End PBXSourcesBuildPhase section */

/* Begin PBXTargetDependency section */
		512DAED52F2A31B30061F72B /* PBXTargetDependency */ = {
			isa = PBXTargetDependency;
			target = 512DAECE2F2A31B30061F72B /* IdentityDocumentProviderExtension */;
			targetProxy = 512DAED42F2A31B30061F72B /* PBXContainerItemProxy */;
		};
/* End PBXTargetDependency section */

/* Begin XCBuildConfiguration section */
		51100E862F21D4A6006B2ADD /* Debug */ = {
			isa = XCBuildConfiguration;
			buildSettings = {
				ALWAYS_SEARCH_USER_PATHS = NO;
				ASSETCATALOG_COMPILER_GENERATE_SWIFT_ASSET_SYMBOL_EXTENSIONS = YES;
				CLANG_ANALYZER_NONNULL = YES;
				CLANG_ANALYZER_NUMBER_OBJECT_CONVERSION = YES_AGGRESSIVE;
				CLANG_CXX_LANGUAGE_STANDARD = "gnu++20";
				CLANG_ENABLE_MODULES = YES;
				CLANG_ENABLE_OBJC_ARC = YES;
				CLANG_ENABLE_OBJC_WEAK = YES;
				CLANG_WARN_BLOCK_CAPTURE_AUTORELEASING = YES;
				CLANG_WARN_BOOL_CONVERSION = YES;
				CLANG_WARN_COMMA = YES;
				CLANG_WARN_CONSTANT_CONVERSION = YES;
				CLANG_WARN_DEPRECATED_OBJC_IMPLEMENTATIONS = YES;
				CLANG_WARN_DIRECT_OBJC_ISA_USAGE = YES_ERROR;
				CLANG_WARN_DOCUMENTATION_COMMENTS = YES;
				CLANG_WARN_EMPTY_BODY = YES;
				CLANG_WARN_ENUM_CONVERSION = YES;
				CLANG_WARN_INFINITE_RECURSION = YES;
				CLANG_WARN_INT_CONVERSION = YES;
				CLANG_WARN_NON_LITERAL_NULL_CONVERSION = YES;
				CLANG_WARN_OBJC_IMPLICIT_RETAIN_SELF = YES;
				CLANG_WARN_OBJC_LITERAL_CONVERSION = YES;
				CLANG_WARN_OBJC_ROOT_CLASS = YES_ERROR;
				CLANG_WARN_QUOTED_INCLUDE_IN_FRAMEWORK_HEADER = YES;
				CLANG_WARN_RANGE_LOOP_ANALYSIS = YES;
				CLANG_WARN_STRICT_PROTOTYPES = YES;
				CLANG_WARN_SUSPICIOUS_MOVE = YES;
				CLANG_WARN_UNGUARDED_AVAILABILITY = YES_AGGRESSIVE;
				CLANG_WARN_UNREACHABLE_CODE = YES;
				CLANG_WARN__DUPLICATE_METHOD_MATCH = YES;
				COPY_PHASE_STRIP = NO;
				DEBUG_INFORMATION_FORMAT = dwarf;
				DEVELOPMENT_TEAM = "$(inherited)";
				ENABLE_STRICT_OBJC_MSGSEND = YES;
				ENABLE_TESTABILITY = YES;
				ENABLE_USER_SCRIPT_SANDBOXING = YES;
				GCC_C_LANGUAGE_STANDARD = gnu17;
				GCC_DYNAMIC_NO_PIC = NO;
				GCC_NO_COMMON_BLOCKS = YES;
				GCC_OPTIMIZATION_LEVEL = 0;
				GCC_PREPROCESSOR_DEFINITIONS = (
					"DEBUG=1",
					"$(inherited)",
				);
				GCC_WARN_64_TO_32_BIT_CONVERSION = YES;
				GCC_WARN_ABOUT_RETURN_TYPE = YES_ERROR;
				GCC_WARN_UNDECLARED_SELECTOR = YES;
				GCC_WARN_UNINITIALIZED_AUTOS = YES_AGGRESSIVE;
				GCC_WARN_UNUSED_FUNCTION = YES;
				GCC_WARN_UNUSED_VARIABLE = YES;
				IPHONEOS_DEPLOYMENT_TARGET = 26.0;
				LOCALIZATION_PREFERS_STRING_CATALOGS = YES;
				MTL_ENABLE_DEBUG_INFO = INCLUDE_SOURCE;
				MTL_FAST_MATH = YES;
				ONLY_ACTIVE_ARCH = YES;
				SDKROOT = iphoneos;
				SWIFT_ACTIVE_COMPILATION_CONDITIONS = "DEBUG $(inherited)";
				SWIFT_OPTIMIZATION_LEVEL = "-Onone";
			};
			name = Debug;
		};
		51100E872F21D4A6006B2ADD /* Release */ = {
			isa = XCBuildConfiguration;
			buildSettings = {
				ALWAYS_SEARCH_USER_PATHS = NO;
				ASSETCATALOG_COMPILER_GENERATE_SWIFT_ASSET_SYMBOL_EXTENSIONS = YES;
				CLANG_ANALYZER_NONNULL = YES;
				CLANG_ANALYZER_NUMBER_OBJECT_CONVERSION = YES_AGGRESSIVE;
				CLANG_CXX_LANGUAGE_STANDARD = "gnu++20";
				CLANG_ENABLE_MODULES = YES;
				CLANG_ENABLE_OBJC_ARC = YES;
				CLANG_ENABLE_OBJC_WEAK = YES;
				CLANG_WARN_BLOCK_CAPTURE_AUTORELEASING = YES;
				CLANG_WARN_BOOL_CONVERSION = YES;
				CLANG_WARN_COMMA = YES;
				CLANG_WARN_CONSTANT_CONVERSION = YES;
				CLANG_WARN_DEPRECATED_OBJC_IMPLEMENTATIONS = YES;
				CLANG_WARN_DIRECT_OBJC_ISA_USAGE = YES_ERROR;
				CLANG_WARN_DOCUMENTATION_COMMENTS = YES;
				CLANG_WARN_EMPTY_BODY = YES;
				CLANG_WARN_ENUM_CONVERSION = YES;
				CLANG_WARN_INFINITE_RECURSION = YES;
				CLANG_WARN_INT_CONVERSION = YES;
				CLANG_WARN_NON_LITERAL_NULL_CONVERSION = YES;
				CLANG_WARN_OBJC_IMPLICIT_RETAIN_SELF = YES;
				CLANG_WARN_OBJC_LITERAL_CONVERSION = YES;
				CLANG_WARN_OBJC_ROOT_CLASS = YES_ERROR;
				CLANG_WARN_QUOTED_INCLUDE_IN_FRAMEWORK_HEADER = YES;
				CLANG_WARN_RANGE_LOOP_ANALYSIS = YES;
				CLANG_WARN_STRICT_PROTOTYPES = YES;
				CLANG_WARN_SUSPICIOUS_MOVE = YES;
				CLANG_WARN_UNGUARDED_AVAILABILITY = YES_AGGRESSIVE;
				CLANG_WARN_UNREACHABLE_CODE = YES;
				CLANG_WARN__DUPLICATE_METHOD_MATCH = YES;
				COPY_PHASE_STRIP = NO;
				DEBUG_INFORMATION_FORMAT = "dwarf-with-dsym";
				DEVELOPMENT_TEAM = "$(inherited)";
				ENABLE_NS_ASSERTIONS = NO;
				ENABLE_STRICT_OBJC_MSGSEND = YES;
				ENABLE_USER_SCRIPT_SANDBOXING = YES;
				GCC_C_LANGUAGE_STANDARD = gnu17;
				GCC_NO_COMMON_BLOCKS = YES;
				GCC_WARN_64_TO_32_BIT_CONVERSION = YES;
				GCC_WARN_ABOUT_RETURN_TYPE = YES_ERROR;
				GCC_WARN_UNDECLARED_SELECTOR = YES;
				GCC_WARN_UNINITIALIZED_AUTOS = YES_AGGRESSIVE;
				GCC_WARN_UNUSED_FUNCTION = YES;
				GCC_WARN_UNUSED_VARIABLE = YES;
				IPHONEOS_DEPLOYMENT_TARGET = 26.0;
				LOCALIZATION_PREFERS_STRING_CATALOGS = YES;
				MTL_ENABLE_DEBUG_INFO = NO;
				MTL_FAST_MATH = YES;
				SDKROOT = iphoneos;
				SWIFT_COMPILATION_MODE = wholemodule;
				VALIDATE_PRODUCT = YES;
			};
			name = Release;
		};
		51100E892F21D4A6006B2ADD /* Debug */ = {
			isa = XCBuildConfiguration;
			baseConfigurationReference = 51BD5C5C2F22604F0082DE19 /* AdditionalConfig.xcconfig */;
			buildSettings = {
				ASSETCATALOG_COMPILER_APPICON_NAME = AppIcon;
				ASSETCATALOG_COMPILER_GLOBAL_ACCENT_COLOR_NAME = AccentColor;
				CODE_SIGN_ENTITLEMENTS = SwiftTestApp/SwiftTestApp.entitlements;
				CODE_SIGN_STYLE = Automatic;
				CURRENT_PROJECT_VERSION = 1;
				DEVELOPMENT_TEAM = "$(inherited)";
				ENABLE_PREVIEWS = YES;
				ENABLE_USER_SCRIPT_SANDBOXING = NO;
				FRAMEWORK_SEARCH_PATHS = (
					"$(inherited)",
					"$(SRCROOT)/../shared/build/xcode-frameworks/$(CONFIGURATION)/$(SDK_NAME)\n$(SRCROOT)/../composeApp/build/xcode-frameworks/$(CONFIGURATION)/$(SDK_NAME)",
				);
				GENERATE_INFOPLIST_FILE = YES;
				INFOPLIST_FILE = SwiftTestApp/Info.plist;
				INFOPLIST_KEY_CFBundleDisplayName = "Multipaz Swift Test App";
				INFOPLIST_KEY_NSBluetoothAlwaysUsageDescription = "Bluetooth LE is used for proximity presentment";
				INFOPLIST_KEY_NSFaceIDUsageDescription = "Face ID is used to protect credential keys";
				INFOPLIST_KEY_UIApplicationSceneManifest_Generation = YES;
				INFOPLIST_KEY_UIApplicationSupportsIndirectInputEvents = YES;
				INFOPLIST_KEY_UILaunchScreen_Generation = YES;
				INFOPLIST_KEY_UISupportedInterfaceOrientations_iPad = "UIInterfaceOrientationPortrait UIInterfaceOrientationPortraitUpsideDown UIInterfaceOrientationLandscapeLeft UIInterfaceOrientationLandscapeRight";
				INFOPLIST_KEY_UISupportedInterfaceOrientations_iPhone = "UIInterfaceOrientationPortrait UIInterfaceOrientationLandscapeLeft UIInterfaceOrientationLandscapeRight";
				LD_RUNPATH_SEARCH_PATHS = (
					"$(inherited)",
					"@executable_path/Frameworks",
				);
				MARKETING_VERSION = 1.0;
				OTHER_LDFLAGS = (
					"$(inherited)",
					"-lsqlite3",
				);
				PRODUCT_BUNDLE_IDENTIFIER = org.multipaz.SwiftTestApp;
				PRODUCT_NAME = "$(TARGET_NAME)";
				STRING_CATALOG_GENERATE_SYMBOLS = YES;
				SWIFT_APPROACHABLE_CONCURRENCY = YES;
				SWIFT_DEFAULT_ACTOR_ISOLATION = MainActor;
				SWIFT_EMIT_LOC_STRINGS = YES;
				SWIFT_UPCOMING_FEATURE_MEMBER_IMPORT_VISIBILITY = YES;
				SWIFT_VERSION = 5.0;
				TARGETED_DEVICE_FAMILY = "1,2";
			};
			name = Debug;
		};
		51100E8A2F21D4A6006B2ADD /* Release */ = {
			isa = XCBuildConfiguration;
			baseConfigurationReference = 51BD5C5C2F22604F0082DE19 /* AdditionalConfig.xcconfig */;
			buildSettings = {
				ASSETCATALOG_COMPILER_APPICON_NAME = AppIcon;
				ASSETCATALOG_COMPILER_GLOBAL_ACCENT_COLOR_NAME = AccentColor;
				CODE_SIGN_ENTITLEMENTS = SwiftTestApp/SwiftTestApp.entitlements;
				CODE_SIGN_STYLE = Automatic;
				CURRENT_PROJECT_VERSION = 1;
				DEVELOPMENT_TEAM = "$(inherited)";
				ENABLE_PREVIEWS = YES;
				ENABLE_USER_SCRIPT_SANDBOXING = NO;
				FRAMEWORK_SEARCH_PATHS = (
					"$(inherited)",
					"$(SRCROOT)/../shared/build/xcode-frameworks/$(CONFIGURATION)/$(SDK_NAME)\n$(SRCROOT)/../composeApp/build/xcode-frameworks/$(CONFIGURATION)/$(SDK_NAME)",
				);
				GENERATE_INFOPLIST_FILE = YES;
				INFOPLIST_FILE = SwiftTestApp/Info.plist;
				INFOPLIST_KEY_CFBundleDisplayName = "Multipaz Swift Test App";
				INFOPLIST_KEY_NSBluetoothAlwaysUsageDescription = "Bluetooth LE is used for proximity presentment";
				INFOPLIST_KEY_NSFaceIDUsageDescription = "Face ID is used to protect credential keys";
				INFOPLIST_KEY_UIApplicationSceneManifest_Generation = YES;
				INFOPLIST_KEY_UIApplicationSupportsIndirectInputEvents = YES;
				INFOPLIST_KEY_UILaunchScreen_Generation = YES;
				INFOPLIST_KEY_UISupportedInterfaceOrientations_iPad = "UIInterfaceOrientationPortrait UIInterfaceOrientationPortraitUpsideDown UIInterfaceOrientationLandscapeLeft UIInterfaceOrientationLandscapeRight";
				INFOPLIST_KEY_UISupportedInterfaceOrientations_iPhone = "UIInterfaceOrientationPortrait UIInterfaceOrientationLandscapeLeft UIInterfaceOrientationLandscapeRight";
				LD_RUNPATH_SEARCH_PATHS = (
					"$(inherited)",
					"@executable_path/Frameworks",
				);
				MARKETING_VERSION = 1.0;
				OTHER_LDFLAGS = (
					"$(inherited)",
					"-lsqlite3",
				);
				PRODUCT_BUNDLE_IDENTIFIER = org.multipaz.SwiftTestApp;
				PRODUCT_NAME = "$(TARGET_NAME)";
				STRING_CATALOG_GENERATE_SYMBOLS = YES;
				SWIFT_APPROACHABLE_CONCURRENCY = YES;
				SWIFT_DEFAULT_ACTOR_ISOLATION = MainActor;
				SWIFT_EMIT_LOC_STRINGS = YES;
				SWIFT_UPCOMING_FEATURE_MEMBER_IMPORT_VISIBILITY = YES;
				SWIFT_VERSION = 5.0;
				TARGETED_DEVICE_FAMILY = "1,2";
			};
			name = Release;
		};
		512DAED82F2A31B30061F72B /* Debug */ = {
			isa = XCBuildConfiguration;
			baseConfigurationReference = 51BD5C5C2F22604F0082DE19 /* AdditionalConfig.xcconfig */;
			buildSettings = {
				CODE_SIGN_ENTITLEMENTS = IdentityDocumentProviderExtension/IdentityDocumentProviderExtension.entitlements;
				CODE_SIGN_STYLE = Automatic;
				CURRENT_PROJECT_VERSION = 1;
				DEVELOPMENT_TEAM = "${inherited}";
				ENABLE_USER_SCRIPT_SANDBOXING = NO;
				GENERATE_INFOPLIST_FILE = YES;
				INFOPLIST_FILE = IdentityDocumentProviderExtension/Info.plist;
				INFOPLIST_KEY_CFBundleDisplayName = IdentityDocumentProviderExtension;
				INFOPLIST_KEY_NSHumanReadableCopyright = "";
				LD_RUNPATH_SEARCH_PATHS = (
					"$(inherited)",
					"@executable_path/Frameworks",
					"@executable_path/../../Frameworks",
				);
				MARKETING_VERSION = 1.0;
				PRODUCT_BUNDLE_IDENTIFIER = org.multipaz.SwiftTestApp.IdentityDocumentProviderExtension;
				PRODUCT_NAME = "$(TARGET_NAME)";
				SKIP_INSTALL = YES;
				STRING_CATALOG_GENERATE_SYMBOLS = YES;
				SWIFT_APPROACHABLE_CONCURRENCY = YES;
				SWIFT_EMIT_LOC_STRINGS = YES;
				SWIFT_UPCOMING_FEATURE_MEMBER_IMPORT_VISIBILITY = YES;
				SWIFT_VERSION = 5.0;
				TARGETED_DEVICE_FAMILY = "1,2";
			};
			name = Debug;
		};
		512DAED92F2A31B30061F72B /* Release */ = {
			isa = XCBuildConfiguration;
			baseConfigurationReference = 51BD5C5C2F22604F0082DE19 /* AdditionalConfig.xcconfig */;
			buildSettings = {
				CODE_SIGN_ENTITLEMENTS = IdentityDocumentProviderExtension/IdentityDocumentProviderExtension.entitlements;
				CODE_SIGN_STYLE = Automatic;
				CURRENT_PROJECT_VERSION = 1;
				DEVELOPMENT_TEAM = "${inherited}";
				ENABLE_USER_SCRIPT_SANDBOXING = NO;
				GENERATE_INFOPLIST_FILE = YES;
				INFOPLIST_FILE = IdentityDocumentProviderExtension/Info.plist;
				INFOPLIST_KEY_CFBundleDisplayName = IdentityDocumentProviderExtension;
				INFOPLIST_KEY_NSHumanReadableCopyright = "";
				LD_RUNPATH_SEARCH_PATHS = (
					"$(inherited)",
					"@executable_path/Frameworks",
					"@executable_path/../../Frameworks",
				);
				MARKETING_VERSION = 1.0;
				PRODUCT_BUNDLE_IDENTIFIER = org.multipaz.SwiftTestApp.IdentityDocumentProviderExtension;
				PRODUCT_NAME = "$(TARGET_NAME)";
				SKIP_INSTALL = YES;
				STRING_CATALOG_GENERATE_SYMBOLS = YES;
				SWIFT_APPROACHABLE_CONCURRENCY = YES;
				SWIFT_EMIT_LOC_STRINGS = YES;
				SWIFT_UPCOMING_FEATURE_MEMBER_IMPORT_VISIBILITY = YES;
				SWIFT_VERSION = 5.0;
				TARGETED_DEVICE_FAMILY = "1,2";
			};
			name = Release;
		};
/* End XCBuildConfiguration section */

/* Begin XCConfigurationList section */
		51100E622F21D4A5006B2ADD /* Build configuration list for PBXProject "SwiftTestApp" */ = {
			isa = XCConfigurationList;
			buildConfigurations = (
				51100E862F21D4A6006B2ADD /* Debug */,
				51100E872F21D4A6006B2ADD /* Release */,
			);
			defaultConfigurationIsVisible = 0;
			defaultConfigurationName = Release;
		};
		51100E882F21D4A6006B2ADD /* Build configuration list for PBXNativeTarget "SwiftTestApp" */ = {
			isa = XCConfigurationList;
			buildConfigurations = (
				51100E892F21D4A6006B2ADD /* Debug */,
				51100E8A2F21D4A6006B2ADD /* Release */,
			);
			defaultConfigurationIsVisible = 0;
			defaultConfigurationName = Release;
		};
		512DAEDB2F2A31B30061F72B /* Build configuration list for PBXNativeTarget "IdentityDocumentProviderExtension" */ = {
			isa = XCConfigurationList;
			buildConfigurations = (
				512DAED82F2A31B30061F72B /* Debug */,
				512DAED92F2A31B30061F72B /* Release */,
			);
			defaultConfigurationIsVisible = 0;
			defaultConfigurationName = Release;
		};
/* End XCConfigurationList section */
	};
	rootObject = 51100E5F2F21D4A5006B2ADD /* Project object */;
}
